
Microsoft Visual Studio Solution File, Format Version 12.00
# Visual Studio Version 18
VisualStudioVersion = 18.0.11109.219
MinimumVisualStudioVersion = 16.0.0.0
Project("{9A19103F-16F7-4668-BE54-9A1E7A4F7556}") = "Explore.Blazor", "Explore.Blazor\Explore.Blazor.csproj", "{6A955E23-24C4-4EB1-B6D3-6825D3B01E8F}"
EndProject
Project("{9A19103F-16F7-4668-BE54-9A1E7A4F7556}") = "Explore.Blazor.Client", "Explore.Blazor.Client\Explore.Blazor.Client.csproj", "{F9EE4FEF-E13A-40FC-8A9F-354AFD35AF3A}"
EndProject
Project("{FAE04EC0-301F-11D3-BF4B-00C04F79EFBC}") = "Explore.AppHost", "Explore.AppHost\Explore.AppHost.csproj", "{8C62B549-2CCC-4552-9918-2E64C6FBF8DE}"
EndProject
Project("{FAE04EC0-301F-11D3-BF4B-00C04F79EFBC}") = "Explore.ServiceDefaults", "Explore.ServiceDefaults\Explore.ServiceDefaults.csproj", "{8A6B9AEA-89BC-CDAC-039F-D781F105DE45}"
EndProject
Project("{2150E333-8FDC-42A3-9474-1A3956D46DE8}") = "API", "API", "{CF01B880-93A7-46DB-BA02-12C566F78341}"
EndProject
Project("{FAE04EC0-301F-11D3-BF4B-00C04F79EFBC}") = "Explore.API", "Explore.API\Explore.API.csproj", "{D629E55A-C370-3AF7-574F-E187C26AFB0D}"
EndProject
Project("{2150E333-8FDC-42A3-9474-1A3956D46DE8}") = "Core", "Core", "{53EBDEF7-ABF1-4664-BF0C-570E5CFBF0CA}"
EndProject
Project("{FAE04EC0-301F-11D3-BF4B-00C04F79EFBC}") = "Explore.Application", "Explore.Application\Explore.Application.csproj", "{1BD3C4A6-57BC-4CFA-9C4B-761248D462DA}"
EndProject
Project("{FAE04EC0-301F-11D3-BF4B-00C04F79EFBC}") = "Explore.Domain", "Explore.Domain\Explore.Domain.csproj", "{B426B091-F657-40E8-87FC-4153C833188E}"
EndProject
Project("{2150E333-8FDC-42A3-9474-1A3956D46DE8}") = "Infrastructure", "Infrastructure", "{9095E438-264F-462D-A26E-6201E2E2D76D}"
EndProject
Project("{FAE04EC0-301F-11D3-BF4B-00C04F79EFBC}") = "Explore.Infrastructure", "Explore.Infrastructure\Explore.Infrastructure.csproj", "{7670877A-1031-4974-8DFB-88E108CE3896}"
EndProject
Project("{FAE04EC0-301F-11D3-BF4B-00C04F79EFBC}") = "Explore.Persistence", "Explore.Persistence\Explore.Persistence.csproj", "{E2F80BEA-5CAA-4CBA-BF1B-035DB1705C05}"
EndProject
Project("{FAE04EC0-301F-11D3-BF4B-00C04F79EFBC}") = "Event.MigrationService", "Event.MigrationService\Event.MigrationService.csproj", "{5AFEDD46-1680-317E-7C2D-ECFA751CF956}"
EndProject
Project("{2150E333-8FDC-42A3-9474-1A3956D46DE8}") = "Test", "Test", "{54033476-CCD2-4F8C-A252-C9F4F44059F0}"
EndProject
Project("{FAE04EC0-301F-11D3-BF4B-00C04F79EFBC}") = "Event.Application.UnitTests", "Event.Application.UnitTests\Event.Application.UnitTests.csproj", "{264E44A6-725A-4FA4-9D3F-17676CF7A095}"
EndProject
Project("{FAE04EC0-301F-11D3-BF4B-00C04F79EFBC}") = "Event.Persistence.IntegrationTests", "Event.Persistence.IntegrationTests\Event.Persistence.IntegrationTests.csproj", "{A9B3A668-0409-4585-8206-BFFA9F1B0AA8}"
EndProject
Project("{FAE04EC0-301F-11D3-BF4B-00C04F79EFBC}") = "Event.Domain.UnitTests", "Event.Domain.UnitTests\Event.Domain.UnitTests.csproj", "{FAC61571-D7F9-43E9-862E-BEE012D2CAD8}"
EndProject
Project("{FAE04EC0-301F-11D3-BF4B-00C04F79EFBC}") = "Event.API.IntegrationTests", "Event.API.IntegrationTests\Event.API.IntegrationTests.csproj", "{04896777-671A-4F3E-AA96-B2965DEDE7B3}"
EndProject
Project("{FAE04EC0-301F-11D3-BF4B-00C04F79EFBC}") = "Event.Architecture.Tests", "Event.Architecture.Tests\Event.Architecture.Tests.csproj", "{314CFC46-48AB-4ABD-B499-AAADD3B1445E}"
EndProject
Project("{FAE04EC0-301F-11D3-BF4B-00C04F79EFBC}") = "Event.Benchmarks", "Event.Benchmarks\Event.Benchmarks.csproj", "{B7A23F1E-49C6-4A8D-B5E2-3C7D9F0E1A4B}"
EndProject
Project("{2150E333-8FDC-42A3-9474-1A3956D46DE8}") = "UI", "UI", "{10C92FE2-D5F0-4231-B17F-3E66672EBCD9}"
EndProject
Project("{FAE04EC0-301F-11D3-BF4B-00C04F79EFBC}") = "Explore.Blazor.Client.Tests", "Explore.Blazor.Client.Tests\Explore.Blazor.Client.Tests.csproj", "{1E7C7E8E-63FF-49B0-B537-F73A35D62B0C}"
EndProject
Project("{FAE04EC0-301F-11D3-BF4B-00C04F79EFBC}") = "Explore.Secrets", "Explore.Secrets\Explore.Secrets.csproj", "{AB7B4FF3-D88B-43BE-8A6D-98B68752E95A}"
EndProject
Project("{FAE04EC0-301F-11D3-BF4B-00C04F79EFBC}") = "Explore.Secrets.UnitTests", "Explore.Secrets.UnitTests\Explore.Secrets.UnitTests.csproj", "{165E266A-FCEA-42CE-82CE-FE8F34E08F1E}"
EndProject
Project("{FAE04EC0-301F-11D3-BF4B-00C04F79EFBC}") = "Explore.Blazor.IntegrationTests", "Explore.Blazor.IntegrationTests\Explore.Blazor.IntegrationTests.csproj", "{9FF8BD34-001C-4AAA-BDAF-6ABAD43386A8}"
EndProject
Project("{FAE04EC0-301F-11D3-BF4B-00C04F79EFBC}") = "Explore.Blazor.Client.E2ETests", "Explore.Blazor.Client.E2ETests\Explore.Blazor.Client.E2ETests.csproj", "{BA668B86-2E3A-4671-AB23-CAB6B1521133}"
EndProject
Project("{FAE04EC0-301F-11D3-BF4B-00C04F79EFBC}") = "Explore.Diagnostic", "Explore.Diagnostic\Explore.Diagnostic.csproj", "{9377F5D5-BE2B-4047-91BF-0355055459BB}"
EndProject
Project("{FAE04EC0-301F-11D3-BF4B-00C04F79EFBC}") = "Explore.Infrastructure.Tests", "Explore.Infrastructure.Tests\Explore.Infrastructure.Tests.csproj", "{E1DA0AC4-D513-4A29-B0EC-38857420AB7A}"
EndProject
Global
	GlobalSection(SolutionConfigurationPlatforms) = preSolution
		Debug|Any CPU = Debug|Any CPU
		Debug|x64 = Debug|x64
		Debug|x86 = Debug|x86
		Release|Any CPU = Release|Any CPU
		Release|x64 = Release|x64
		Release|x86 = Release|x86
	EndGlobalSection
	GlobalSection(ProjectConfigurationPlatforms) = postSolution
		{6A955E23-24C4-4EB1-B6D3-6825D3B01E8F}.Debug|Any CPU.ActiveCfg = Debug|Any CPU
		{6A955E23-24C4-4EB1-B6D3-6825D3B01E8F}.Debug|Any CPU.Build.0 = Debug|Any CPU
		{6A955E23-24C4-4EB1-B6D3-6825D3B01E8F}.Debug|x64.ActiveCfg = Debug|Any CPU
		{6A955E23-24C4-4EB1-B6D3-6825D3B01E8F}.Debug|x64.Build.0 = Debug|Any CPU
		{6A955E23-24C4-4EB1-B6D3-6825D3B01E8F}.Debug|x86.ActiveCfg = Debug|Any CPU
		{6A955E23-24C4-4EB1-B6D3-6825D3B01E8F}.Debug|x86.Build.0 = Debug|Any CPU
		{6A955E23-24C4-4EB1-B6D3-6825D3B01E8F}.Release|Any CPU.ActiveCfg = Release|Any CPU
		{6A955E23-24C4-4EB1-B6D3-6825D3B01E8F}.Release|Any CPU.Build.0 = Release|Any CPU
		{6A955E23-24C4-4EB1-B6D3-6825D3B01E8F}.Release|x64.ActiveCfg = Release|Any CPU
		{6A955E23-24C4-4EB1-B6D3-6825D3B01E8F}.Release|x64.Build.0 = Release|Any CPU
		{6A955E23-24C4-4EB1-B6D3-6825D3B01E8F}.Release|x86.ActiveCfg = Release|Any CPU
		{6A955E23-24C4-4EB1-B6D3-6825D3B01E8F}.Release|x86.Build.0 = Release|Any CPU
		{F9EE4FEF-E13A-40FC-8A9F-354AFD35AF3A}.Debug|Any CPU.ActiveCfg = Debug|Any CPU
		{F9EE4FEF-E13A-40FC-8A9F-354AFD35AF3A}.Debug|Any CPU.Build.0 = Debug|Any CPU
		{F9EE4FEF-E13A-40FC-8A9F-354AFD35AF3A}.Debug|x64.ActiveCfg = Debug|Any CPU
		{F9EE4FEF-E13A-40FC-8A9F-354AFD35AF3A}.Debug|x64.Build.0 = Debug|Any CPU
		{F9EE4FEF-E13A-40FC-8A9F-354AFD35AF3A}.Debug|x86.ActiveCfg = Debug|Any CPU
		{F9EE4FEF-E13A-40FC-8A9F-354AFD35AF3A}.Debug|x86.Build.0 = Debug|Any CPU
		{F9EE4FEF-E13A-40FC-8A9F-354AFD35AF3A}.Release|Any CPU.ActiveCfg = Release|Any CPU
		{F9EE4FEF-E13A-40FC-8A9F-354AFD35AF3A}.Release|Any CPU.Build.0 = Release|Any CPU
		{F9EE4FEF-E13A-40FC-8A9F-354AFD35AF3A}.Release|x64.ActiveCfg = Release|Any CPU
		{F9EE4FEF-E13A-40FC-8A9F-354AFD35AF3A}.Release|x64.Build.0 = Release|Any CPU
		{F9EE4FEF-E13A-40FC-8A9F-354AFD35AF3A}.Release|x86.ActiveCfg = Release|Any CPU
		{F9EE4FEF-E13A-40FC-8A9F-354AFD35AF3A}.Release|x86.Build.0 = Release|Any CPU
		{8C62B549-2CCC-4552-9918-2E64C6FBF8DE}.Debug|Any CPU.ActiveCfg = Debug|Any CPU
		{8C62B549-2CCC-4552-9918-2E64C6FBF8DE}.Debug|Any CPU.Build.0 = Debug|Any CPU
		{8C62B549-2CCC-4552-9918-2E64C6FBF8DE}.Debug|x64.ActiveCfg = Debug|Any CPU
		{8C62B549-2CCC-4552-9918-2E64C6FBF8DE}.Debug|x64.Build.0 = Debug|Any CPU
		{8C62B549-2CCC-4552-9918-2E64C6FBF8DE}.Debug|x86.ActiveCfg = Debug|Any CPU
		{8C62B549-2CCC-4552-9918-2E64C6FBF8DE}.Debug|x86.Build.0 = Debug|Any CPU
		{8C62B549-2CCC-4552-9918-2E64C6FBF8DE}.Release|Any CPU.ActiveCfg = Release|Any CPU
		{8C62B549-2CCC-4552-9918-2E64C6FBF8DE}.Release|Any CPU.Build.0 = Release|Any CPU
		{8C62B549-2CCC-4552-9918-2E64C6FBF8DE}.Release|x64.ActiveCfg = Release|Any CPU
		{8C62B549-2CCC-4552-9918-2E64C6FBF8DE}.Release|x64.Build.0 = Release|Any CPU
		{8C62B549-2CCC-4552-9918-2E64C6FBF8DE}.Release|x86.ActiveCfg = Release|Any CPU
		{8C62B549-2CCC-4552-9918-2E64C6FBF8DE}.Release|x86.Build.0 = Release|Any CPU
		{8A6B9AEA-89BC-CDAC-039F-D781F105DE45}.Debug|Any CPU.ActiveCfg = Debug|Any CPU
		{8A6B9AEA-89BC-CDAC-039F-D781F105DE45}.Debug|Any CPU.Build.0 = Debug|Any CPU
		{8A6B9AEA-89BC-CDAC-039F-D781F105DE45}.Debug|x64.ActiveCfg = Debug|Any CPU
		{8A6B9AEA-89BC-CDAC-039F-D781F105DE45}.Debug|x64.Build.0 = Debug|Any CPU
		{8A6B9AEA-89BC-CDAC-039F-D781F105DE45}.Debug|x86.ActiveCfg = Debug|Any CPU
		{8A6B9AEA-89BC-CDAC-039F-D781F105DE45}.Debug|x86.Build.0 = Debug|Any CPU
		{8A6B9AEA-89BC-CDAC-039F-D781F105DE45}.Release|Any CPU.ActiveCfg = Release|Any CPU
		{8A6B9AEA-89BC-CDAC-039F-D781F105DE45}.Release|Any CPU.Build.0 = Release|Any CPU
		{8A6B9AEA-89BC-CDAC-039F-D781F105DE45}.Release|x64.ActiveCfg = Release|Any CPU
		{8A6B9AEA-89BC-CDAC-039F-D781F105DE45}.Release|x64.Build.0 = Release|Any CPU
		{8A6B9AEA-89BC-CDAC-039F-D781F105DE45}.Release|x86.ActiveCfg = Release|Any CPU
		{8A6B9AEA-89BC-CDAC-039F-D781F105DE45}.Release|x86.Build.0 = Release|Any CPU
		{D629E55A-C370-3AF7-574F-E187C26AFB0D}.Debug|Any CPU.ActiveCfg = Debug|Any CPU
		{D629E55A-C370-3AF7-574F-E187C26AFB0D}.Debug|Any CPU.Build.0 = Debug|Any CPU
		{D629E55A-C370-3AF7-574F-E187C26AFB0D}.Debug|x64.ActiveCfg = Debug|Any CPU
		{D629E55A-C370-3AF7-574F-E187C26AFB0D}.Debug|x64.Build.0 = Debug|Any CPU
		{D629E55A-C370-3AF7-574F-E187C26AFB0D}.Debug|x86.ActiveCfg = Debug|Any CPU
		{D629E55A-C370-3AF7-574F-E187C26AFB0D}.Debug|x86.Build.0 = Debug|Any CPU
		{D629E55A-C370-3AF7-574F-E187C26AFB0D}.Release|Any CPU.ActiveCfg = Release|Any CPU
		{D629E55A-C370-3AF7-574F-E187C26AFB0D}.Release|Any CPU.Build.0 = Release|Any CPU
		{D629E55A-C370-3AF7-574F-E187C26AFB0D}.Release|x64.ActiveCfg = Release|Any CPU
		{D629E55A-C370-3AF7-574F-E187C26AFB0D}.Release|x64.Build.0 = Release|Any CPU
		{D629E55A-C370-3AF7-574F-E187C26AFB0D}.Release|x86.ActiveCfg = Release|Any CPU
		{D629E55A-C370-3AF7-574F-E187C26AFB0D}.Release|x86.Build.0 = Release|Any CPU
		{1BD3C4A6-57BC-4CFA-9C4B-761248D462DA}.Debug|Any CPU.ActiveCfg = Debug|Any CPU
		{1BD3C4A6-57BC-4CFA-9C4B-761248D462DA}.Debug|Any CPU.Build.0 = Debug|Any CPU
		{1BD3C4A6-57BC-4CFA-9C4B-761248D462DA}.Debug|x64.ActiveCfg = Debug|Any CPU
		{1BD3C4A6-57BC-4CFA-9C4B-761248D462DA}.Debug|x64.Build.0 = Debug|Any CPU
		{1BD3C4A6-57BC-4CFA-9C4B-761248D462DA}.Debug|x86.ActiveCfg = Debug|Any CPU
		{1BD3C4A6-57BC-4CFA-9C4B-761248D462DA}.Debug|x86.Build.0 = Debug|Any CPU
		{1BD3C4A6-57BC-4CFA-9C4B-761248D462DA}.Release|Any CPU.ActiveCfg = Release|Any CPU
		{1BD3C4A6-57BC-4CFA-9C4B-761248D462DA}.Release|Any CPU.Build.0 = Release|Any CPU
		{1BD3C4A6-57BC-4CFA-9C4B-761248D462DA}.Release|x64.ActiveCfg = Release|Any CPU
		{1BD3C4A6-57BC-4CFA-9C4B-761248D462DA}.Release|x64.Build.0 = Release|Any CPU
		{1BD3C4A6-57BC-4CFA-9C4B-761248D462DA}.Release|x86.ActiveCfg = Release|Any CPU
		{1BD3C4A6-57BC-4CFA-9C4B-761248D462DA}.Release|x86.Build.0 = Release|Any CPU
		{B426B091-F657-40E8-87FC-4153C833188E}.Debug|Any CPU.ActiveCfg = Debug|Any CPU
		{B426B091-F657-40E8-87FC-4153C833188E}.Debug|Any CPU.Build.0 = Debug|Any CPU
		{B426B091-F657-40E8-87FC-4153C833188E}.Debug|x64.ActiveCfg = Debug|Any CPU
		{B426B091-F657-40E8-87FC-4153C833188E}.Debug|x64.Build.0 = Debug|Any CPU
		{B426B091-F657-40E8-87FC-4153C833188E}.Debug|x86.ActiveCfg = Debug|Any CPU
		{B426B091-F657-40E8-87FC-4153C833188E}.Debug|x86.Build.0 = Debug|Any CPU
		{B426B091-F657-40E8-87FC-4153C833188E}.Release|Any CPU.ActiveCfg = Release|Any CPU
		{B426B091-F657-40E8-87FC-4153C833188E}.Release|Any CPU.Build.0 = Release|Any CPU
		{B426B091-F657-40E8-87FC-4153C833188E}.Release|x64.ActiveCfg = Release|Any CPU
		{B426B091-F657-40E8-87FC-4153C833188E}.Release|x64.Build.0 = Release|Any CPU
		{B426B091-F657-40E8-87FC-4153C833188E}.Release|x86.ActiveCfg = Release|Any CPU
		{B426B091-F657-40E8-87FC-4153C833188E}.Release|x86.Build.0 = Release|Any CPU
		{7670877A-1031-4974-8DFB-88E108CE3896}.Debug|Any CPU.ActiveCfg = Debug|Any CPU
		{7670877A-1031-4974-8DFB-88E108CE3896}.Debug|Any CPU.Build.0 = Debug|Any CPU
		{7670877A-1031-4974-8DFB-88E108CE3896}.Debug|x64.ActiveCfg = Debug|Any CPU
		{7670877A-1031-4974-8DFB-88E108CE3896}.Debug|x64.Build.0 = Debug|Any CPU
		{7670877A-1031-4974-8DFB-88E108CE3896}.Debug|x86.ActiveCfg = Debug|Any CPU
		{7670877A-1031-4974-8DFB-88E108CE3896}.Debug|x86.Build.0 = Debug|Any CPU
		{7670877A-1031-4974-8DFB-88E108CE3896}.Release|Any CPU.ActiveCfg = Release|Any CPU
		{7670877A-1031-4974-8DFB-88E108CE3896}.Release|Any CPU.Build.0 = Release|Any CPU
		{7670877A-1031-4974-8DFB-88E108CE3896}.Release|x64.ActiveCfg = Release|Any CPU
		{7670877A-1031-4974-8DFB-88E108CE3896}.Release|x64.Build.0 = Release|Any CPU
		{7670877A-1031-4974-8DFB-88E108CE3896}.Release|x86.ActiveCfg = Release|Any CPU
		{7670877A-1031-4974-8DFB-88E108CE3896}.Release|x86.Build.0 = Release|Any CPU
		{E2F80BEA-5CAA-4CBA-BF1B-035DB1705C05}.Debug|Any CPU.ActiveCfg = Debug|Any CPU
		{E2F80BEA-5CAA-4CBA-BF1B-035DB1705C05}.Debug|Any CPU.Build.0 = Debug|Any CPU
		{E2F80BEA-5CAA-4CBA-BF1B-035DB1705C05}.Debug|x64.ActiveCfg = Debug|Any CPU
		{E2F80BEA-5CAA-4CBA-BF1B-035DB1705C05}.Debug|x64.Build.0 = Debug|Any CPU
		{E2F80BEA-5CAA-4CBA-BF1B-035DB1705C05}.Debug|x86.ActiveCfg = Debug|Any CPU
		{E2F80BEA-5CAA-4CBA-BF1B-035DB1705C05}.Debug|x86.Build.0 = Debug|Any CPU
		{E2F80BEA-5CAA-4CBA-BF1B-035DB1705C05}.Release|Any CPU.ActiveCfg = Release|Any CPU
		{E2F80BEA-5CAA-4CBA-BF1B-035DB1705C05}.Release|Any CPU.Build.0 = Release|Any CPU
		{E2F80BEA-5CAA-4CBA-BF1B-035DB1705C05}.Release|x64.ActiveCfg = Release|Any CPU
		{E2F80BEA-5CAA-4CBA-BF1B-035DB1705C05}.Release|x64.Build.0 = Release|Any CPU
		{E2F80BEA-5CAA-4CBA-BF1B-035DB1705C05}.Release|x86.ActiveCfg = Release|Any CPU
		{E2F80BEA-5CAA-4CBA-BF1B-035DB1705C05}.Release|x86.Build.0 = Release|Any CPU
		{5AFEDD46-1680-317E-7C2D-ECFA751CF956}.Debug|Any CPU.ActiveCfg = Debug|Any CPU
		{5AFEDD46-1680-317E-7C2D-ECFA751CF956}.Debug|Any CPU.Build.0 = Debug|Any CPU
		{5AFEDD46-1680-317E-7C2D-ECFA751CF956}.Debug|x64.ActiveCfg = Debug|Any CPU
		{5AFEDD46-1680-317E-7C2D-ECFA751CF956}.Debug|x64.Build.0 = Debug|Any CPU
		{5AFEDD46-1680-317E-7C2D-ECFA751CF956}.Debug|x86.ActiveCfg = Debug|Any CPU
		{5AFEDD46-1680-317E-7C2D-ECFA751CF956}.Debug|x86.Build.0 = Debug|Any CPU
		{5AFEDD46-1680-317E-7C2D-ECFA751CF956}.Release|Any CPU.ActiveCfg = Release|Any CPU
		{5AFEDD46-1680-317E-7C2D-ECFA751CF956}.Release|Any CPU.Build.0 = Release|Any CPU
		{5AFEDD46-1680-317E-7C2D-ECFA751CF956}.Release|x64.ActiveCfg = Release|Any CPU
		{5AFEDD46-1680-317E-7C2D-ECFA751CF956}.Release|x64.Build.0 = Release|Any CPU
		{5AFEDD46-1680-317E-7C2D-ECFA751CF956}.Release|x86.ActiveCfg = Release|Any CPU
		{5AFEDD46-1680-317E-7C2D-ECFA751CF956}.Release|x86.Build.0 = Release|Any CPU
		{264E44A6-725A-4FA4-9D3F-17676CF7A095}.Debug|Any CPU.ActiveCfg = Debug|Any CPU
		{264E44A6-725A-4FA4-9D3F-17676CF7A095}.Debug|Any CPU.Build.0 = Debug|Any CPU
		{264E44A6-725A-4FA4-9D3F-17676CF7A095}.Debug|x64.ActiveCfg = Debug|Any CPU
		{264E44A6-725A-4FA4-9D3F-17676CF7A095}.Debug|x64.Build.0 = Debug|Any CPU
		{264E44A6-725A-4FA4-9D3F-17676CF7A095}.Debug|x86.ActiveCfg = Debug|Any CPU
		{264E44A6-725A-4FA4-9D3F-17676CF7A095}.Debug|x86.Build.0 = Debug|Any CPU
		{264E44A6-725A-4FA4-9D3F-17676CF7A095}.Release|Any CPU.ActiveCfg = Release|Any CPU
		{264E44A6-725A-4FA4-9D3F-17676CF7A095}.Release|Any CPU.Build.0 = Release|Any CPU
		{264E44A6-725A-4FA4-9D3F-17676CF7A095}.Release|x64.ActiveCfg = Release|Any CPU
		{264E44A6-725A-4FA4-9D3F-17676CF7A095}.Release|x64.Build.0 = Release|Any CPU
		{264E44A6-725A-4FA4-9D3F-17676CF7A095}.Release|x86.ActiveCfg = Release|Any CPU
		{264E44A6-725A-4FA4-9D3F-17676CF7A095}.Release|x86.Build.0 = Release|Any CPU
		{A9B3A668-0409-4585-8206-BFFA9F1B0AA8}.Debug|Any CPU.ActiveCfg = Debug|Any CPU
		{A9B3A668-0409-4585-8206-BFFA9F1B0AA8}.Debug|Any CPU.Build.0 = Debug|Any CPU
		{A9B3A668-0409-4585-8206-BFFA9F1B0AA8}.Debug|x64.ActiveCfg = Debug|Any CPU
		{A9B3A668-0409-4585-8206-BFFA9F1B0AA8}.Debug|x64.Build.0 = Debug|Any CPU
		{A9B3A668-0409-4585-8206-BFFA9F1B0AA8}.Debug|x86.ActiveCfg = Debug|Any CPU
		{A9B3A668-0409-4585-8206-BFFA9F1B0AA8}.Debug|x86.Build.0 = Debug|Any CPU
		{A9B3A668-0409-4585-8206-BFFA9F1B0AA8}.Release|Any CPU.ActiveCfg = Release|Any CPU
		{A9B3A668-0409-4585-8206-BFFA9F1B0AA8}.Release|Any CPU.Build.0 = Release|Any CPU
		{A9B3A668-0409-4585-8206-BFFA9F1B0AA8}.Release|x64.ActiveCfg = Release|Any CPU
		{A9B3A668-0409-4585-8206-BFFA9F1B0AA8}.Release|x64.Build.0 = Release|Any CPU
		{A9B3A668-0409-4585-8206-BFFA9F1B0AA8}.Release|x86.ActiveCfg = Release|Any CPU
		{A9B3A668-0409-4585-8206-BFFA9F1B0AA8}.Release|x86.Build.0 = Release|Any CPU
		{FAC61571-D7F9-43E9-862E-BEE012D2CAD8}.Debug|Any CPU.ActiveCfg = Debug|Any CPU
		{FAC61571-D7F9-43E9-862E-BEE012D2CAD8}.Debug|Any CPU.Build.0 = Debug|Any CPU
		{FAC61571-D7F9-43E9-862E-BEE012D2CAD8}.Debug|x64.ActiveCfg = Debug|Any CPU
		{FAC61571-D7F9-43E9-862E-BEE012D2CAD8}.Debug|x64.Build.0 = Debug|Any CPU
		{FAC61571-D7F9-43E9-862E-BEE012D2CAD8}.Debug|x86.ActiveCfg = Debug|Any CPU
		{FAC61571-D7F9-43E9-862E-BEE012D2CAD8}.Debug|x86.Build.0 = Debug|Any CPU
		{FAC61571-D7F9-43E9-862E-BEE012D2CAD8}.Release|Any CPU.ActiveCfg = Release|Any CPU
		{FAC61571-D7F9-43E9-862E-BEE012D2CAD8}.Release|Any CPU.Build.0 = Release|Any CPU
		{FAC61571-D7F9-43E9-862E-BEE012D2CAD8}.Release|x64.ActiveCfg = Release|Any CPU
		{FAC61571-D7F9-43E9-862E-BEE012D2CAD8}.Release|x64.Build.0 = Release|Any CPU
		{FAC61571-D7F9-43E9-862E-BEE012D2CAD8}.Release|x86.ActiveCfg = Release|Any CPU
		{FAC61571-D7F9-43E9-862E-BEE012D2CAD8}.Release|x86.Build.0 = Release|Any CPU
		{04896777-671A-4F3E-AA96-B2965DEDE7B3}.Debug|Any CPU.ActiveCfg = Debug|Any CPU
		{04896777-671A-4F3E-AA96-B2965DEDE7B3}.Debug|Any CPU.Build.0 = Debug|Any CPU
		{04896777-671A-4F3E-AA96-B2965DEDE7B3}.Debug|x64.ActiveCfg = Debug|Any CPU
		{04896777-671A-4F3E-AA96-B2965DEDE7B3}.Debug|x64.Build.0 = Debug|Any CPU
		{04896777-671A-4F3E-AA96-B2965DEDE7B3}.Debug|x86.ActiveCfg = Debug|Any CPU
		{04896777-671A-4F3E-AA96-B2965DEDE7B3}.Debug|x86.Build.0 = Debug|Any CPU
		{04896777-671A-4F3E-AA96-B2965DEDE7B3}.Release|Any CPU.ActiveCfg = Release|Any CPU
		{04896777-671A-4F3E-AA96-B2965DEDE7B3}.Release|Any CPU.Build.0 = Release|Any CPU
		{04896777-671A-4F3E-AA96-B2965DEDE7B3}.Release|x64.ActiveCfg = Release|Any CPU
		{04896777-671A-4F3E-AA96-B2965DEDE7B3}.Release|x64.Build.0 = Release|Any CPU
		{04896777-671A-4F3E-AA96-B2965DEDE7B3}.Release|x86.ActiveCfg = Release|Any CPU
		{04896777-671A-4F3E-AA96-B2965DEDE7B3}.Release|x86.Build.0 = Release|Any CPU
		{314CFC46-48AB-4ABD-B499-AAADD3B1445E}.Debug|Any CPU.ActiveCfg = Debug|Any CPU
		{314CFC46-48AB-4ABD-B499-AAADD3B1445E}.Debug|Any CPU.Build.0 = Debug|Any CPU
		{314CFC46-48AB-4ABD-B499-AAADD3B1445E}.Debug|x64.ActiveCfg = Debug|Any CPU
		{314CFC46-48AB-4ABD-B499-AAADD3B1445E}.Debug|x64.Build.0 = Debug|Any CPU
		{314CFC46-48AB-4ABD-B499-AAADD3B1445E}.Debug|x86.ActiveCfg = Debug|Any CPU
		{314CFC46-48AB-4ABD-B499-AAADD3B1445E}.Debug|x86.Build.0 = Debug|Any CPU
		{314CFC46-48AB-4ABD-B499-AAADD3B1445E}.Release|Any CPU.ActiveCfg = Release|Any CPU
		{314CFC46-48AB-4ABD-B499-AAADD3B1445E}.Release|Any CPU.Build.0 = Release|Any CPU
		{314CFC46-48AB-4ABD-B499-AAADD3B1445E}.Release|x64.ActiveCfg = Release|Any CPU
		{314CFC46-48AB-4ABD-B499-AAADD3B1445E}.Release|x64.Build.0 = Release|Any CPU
		{314CFC46-48AB-4ABD-B499-AAADD3B1445E}.Release|x86.ActiveCfg = Release|Any CPU
		{314CFC46-48AB-4ABD-B499-AAADD3B1445E}.Release|x86.Build.0 = Release|Any CPU
		{B7A23F1E-49C6-4A8D-B5E2-3C7D9F0E1A4B}.Debug|Any CPU.ActiveCfg = Debug|Any CPU
		{B7A23F1E-49C6-4A8D-B5E2-3C7D9F0E1A4B}.Debug|Any CPU.Build.0 = Debug|Any CPU
		{B7A23F1E-49C6-4A8D-B5E2-3C7D9F0E1A4B}.Debug|x64.ActiveCfg = Debug|Any CPU
		{B7A23F1E-49C6-4A8D-B5E2-3C7D9F0E1A4B}.Debug|x64.Build.0 = Debug|Any CPU
		{B7A23F1E-49C6-4A8D-B5E2-3C7D9F0E1A4B}.Debug|x86.ActiveCfg = Debug|Any CPU
		{B7A23F1E-49C6-4A8D-B5E2-3C7D9F0E1A4B}.Debug|x86.Build.0 = Debug|Any CPU
		{B7A23F1E-49C6-4A8D-B5E2-3C7D9F0E1A4B}.Release|Any CPU.ActiveCfg = Release|Any CPU
		{B7A23F1E-49C6-4A8D-B5E2-3C7D9F0E1A4B}.Release|Any CPU.Build.0 = Release|Any CPU
		{B7A23F1E-49C6-4A8D-B5E2-3C7D9F0E1A4B}.Release|x64.ActiveCfg = Release|Any CPU
		{B7A23F1E-49C6-4A8D-B5E2-3C7D9F0E1A4B}.Release|x64.Build.0 = Release|Any CPU
		{B7A23F1E-49C6-4A8D-B5E2-3C7D9F0E1A4B}.Release|x86.ActiveCfg = Release|Any CPU
		{B7A23F1E-49C6-4A8D-B5E2-3C7D9F0E1A4B}.Release|x86.Build.0 = Release|Any CPU
		{1E7C7E8E-63FF-49B0-B537-F73A35D62B0C}.Debug|Any CPU.ActiveCfg = Debug|Any CPU
		{1E7C7E8E-63FF-49B0-B537-F73A35D62B0C}.Debug|Any CPU.Build.0 = Debug|Any CPU
		{1E7C7E8E-63FF-49B0-B537-F73A35D62B0C}.Debug|x64.ActiveCfg = Debug|Any CPU
		{1E7C7E8E-63FF-49B0-B537-F73A35D62B0C}.Debug|x64.Build.0 = Debug|Any CPU
		{1E7C7E8E-63FF-49B0-B537-F73A35D62B0C}.Debug|x86.ActiveCfg = Debug|Any CPU
		{1E7C7E8E-63FF-49B0-B537-F73A35D62B0C}.Debug|x86.Build.0 = Debug|Any CPU
		{1E7C7E8E-63FF-49B0-B537-F73A35D62B0C}.Release|Any CPU.ActiveCfg = Release|Any CPU
		{1E7C7E8E-63FF-49B0-B537-F73A35D62B0C}.Release|Any CPU.Build.0 = Release|Any CPU
		{1E7C7E8E-63FF-49B0-B537-F73A35D62B0C}.Release|x64.ActiveCfg = Release|Any CPU
		{1E7C7E8E-63FF-49B0-B537-F73A35D62B0C}.Release|x64.Build.0 = Release|Any CPU
		{1E7C7E8E-63FF-49B0-B537-F73A35D62B0C}.Release|x86.ActiveCfg = Release|Any CPU
		{1E7C7E8E-63FF-49B0-B537-F73A35D62B0C}.Release|x86.Build.0 = Release|Any CPU
		{AB7B4FF3-D88B-43BE-8A6D-98B68752E95A}.Debug|Any CPU.ActiveCfg = Debug|Any CPU
		{AB7B4FF3-D88B-43BE-8A6D-98B68752E95A}.Debug|Any CPU.Build.0 = Debug|Any CPU
		{AB7B4FF3-D88B-43BE-8A6D-98B68752E95A}.Debug|x64.ActiveCfg = Debug|Any CPU
		{AB7B4FF3-D88B-43BE-8A6D-98B68752E95A}.Debug|x64.Build.0 = Debug|Any CPU
		{AB7B4FF3-D88B-43BE-8A6D-98B68752E95A}.Debug|x86.ActiveCfg = Debug|Any CPU
		{AB7B4FF3-D88B-43BE-8A6D-98B68752E95A}.Debug|x86.Build.0 = Debug|Any CPU
		{AB7B4FF3-D88B-43BE-8A6D-98B68752E95A}.Release|Any CPU.ActiveCfg = Release|Any CPU
		{AB7B4FF3-D88B-43BE-8A6D-98B68752E95A}.Release|Any CPU.Build.0 = Release|Any CPU
		{AB7B4FF3-D88B-43BE-8A6D-98B68752E95A}.Release|x64.ActiveCfg = Release|Any CPU
		{AB7B4FF3-D88B-43BE-8A6D-98B68752E95A}.Release|x64.Build.0 = Release|Any CPU
		{AB7B4FF3-D88B-43BE-8A6D-98B68752E95A}.Release|x86.ActiveCfg = Release|Any CPU
		{AB7B4FF3-D88B-43BE-8A6D-98B68752E95A}.Release|x86.Build.0 = Release|Any CPU
		{165E266A-FCEA-42CE-82CE-FE8F34E08F1E}.Debug|Any CPU.ActiveCfg = Debug|Any CPU
		{165E266A-FCEA-42CE-82CE-FE8F34E08F1E}.Debug|Any CPU.Build.0 = Debug|Any CPU
		{165E266A-FCEA-42CE-82CE-FE8F34E08F1E}.Debug|x64.ActiveCfg = Debug|Any CPU
		{165E266A-FCEA-42CE-82CE-FE8F34E08F1E}.Debug|x64.Build.0 = Debug|Any CPU
		{165E266A-FCEA-42CE-82CE-FE8F34E08F1E}.Debug|x86.ActiveCfg = Debug|Any CPU
		{165E266A-FCEA-42CE-82CE-FE8F34E08F1E}.Debug|x86.Build.0 = Debug|Any CPU
		{165E266A-FCEA-42CE-82CE-FE8F34E08F1E}.Release|Any CPU.ActiveCfg = Release|Any CPU
		{165E266A-FCEA-42CE-82CE-FE8F34E08F1E}.Release|Any CPU.Build.0 = Release|Any CPU
		{165E266A-FCEA-42CE-82CE-FE8F34E08F1E}.Release|x64.ActiveCfg = Release|Any CPU
		{165E266A-FCEA-42CE-82CE-FE8F34E08F1E}.Release|x64.Build.0 = Release|Any CPU
		{165E266A-FCEA-42CE-82CE-FE8F34E08F1E}.Release|x86.ActiveCfg = Release|Any CPU
		{165E266A-FCEA-42CE-82CE-FE8F34E08F1E}.Release|x86.Build.0 = Release|Any CPU
		{9FF8BD34-001C-4AAA-BDAF-6ABAD43386A8}.Debug|Any CPU.ActiveCfg = Debug|Any CPU
		{9FF8BD34-001C-4AAA-BDAF-6ABAD43386A8}.Debug|Any CPU.Build.0 = Debug|Any CPU
		{9FF8BD34-001C-4AAA-BDAF-6ABAD43386A8}.Debug|x64.ActiveCfg = Debug|Any CPU
		{9FF8BD34-001C-4AAA-BDAF-6ABAD43386A8}.Debug|x64.Build.0 = Debug|Any CPU
		{9FF8BD34-001C-4AAA-BDAF-6ABAD43386A8}.Debug|x86.ActiveCfg = Debug|Any CPU
		{9FF8BD34-001C-4AAA-BDAF-6ABAD43386A8}.Debug|x86.Build.0 = Debug|Any CPU
		{9FF8BD34-001C-4AAA-BDAF-6ABAD43386A8}.Release|Any CPU.ActiveCfg = Release|Any CPU
		{9FF8BD34-001C-4AAA-BDAF-6ABAD43386A8}.Release|Any CPU.Build.0 = Release|Any CPU
		{9FF8BD34-001C-4AAA-BDAF-6ABAD43386A8}.Release|x64.ActiveCfg = Release|Any CPU
		{9FF8BD34-001C-4AAA-BDAF-6ABAD43386A8}.Release|x64.Build.0 = Release|Any CPU
		{9FF8BD34-001C-4AAA-BDAF-6ABAD43386A8}.Release|x86.ActiveCfg = Release|Any CPU
		{9FF8BD34-001C-4AAA-BDAF-6ABAD43386A8}.Release|x86.Build.0 = Release|Any CPU
		{BA668B86-2E3A-4671-AB23-CAB6B1521133}.Debug|Any CPU.ActiveCfg = Debug|Any CPU
		{BA668B86-2E3A-4671-AB23-CAB6B1521133}.Debug|Any CPU.Build.0 = Debug|Any CPU
		{BA668B86-2E3A-4671-AB23-CAB6B1521133}.Debug|x64.ActiveCfg = Debug|Any CPU
		{BA668B86-2E3A-4671-AB23-CAB6B1521133}.Debug|x64.Build.0 = Debug|Any CPU
		{BA668B86-2E3A-4671-AB23-CAB6B1521133}.Debug|x86.ActiveCfg = Debug|Any CPU
		{BA668B86-2E3A-4671-AB23-CAB6B1521133}.Debug|x86.Build.0 = Debug|Any CPU
		{BA668B86-2E3A-4671-AB23-CAB6B1521133}.Release|Any CPU.ActiveCfg = Release|Any CPU
		{BA668B86-2E3A-4671-AB23-CAB6B1521133}.Release|Any CPU.Build.0 = Release|Any CPU
		{BA668B86-2E3A-4671-AB23-CAB6B1521133}.Release|x64.ActiveCfg = Release|Any CPU
		{BA668B86-2E3A-4671-AB23-CAB6B1521133}.Release|x64.Build.0 = Release|Any CPU
		{BA668B86-2E3A-4671-AB23-CAB6B1521133}.Release|x86.ActiveCfg = Release|Any CPU
		{BA668B86-2E3A-4671-AB23-CAB6B1521133}.Release|x86.Build.0 = Release|Any CPU
		{9377F5D5-BE2B-4047-91BF-0355055459BB}.Debug|Any CPU.ActiveCfg = Debug|Any CPU
		{9377F5D5-BE2B-4047-91BF-0355055459BB}.Debug|Any CPU.Build.0 = Debug|Any CPU
		{9377F5D5-BE2B-4047-91BF-0355055459BB}.Debug|x64.ActiveCfg = Debug|Any CPU
		{9377F5D5-BE2B-4047-91BF-0355055459BB}.Debug|x64.Build.0 = Debug|Any CPU
		{9377F5D5-BE2B-4047-91BF-0355055459BB}.Debug|x86.ActiveCfg = Debug|Any CPU
		{9377F5D5-BE2B-4047-91BF-0355055459BB}.Debug|x86.Build.0 = Debug|Any CPU
		{9377F5D5-BE2B-4047-91BF-0355055459BB}.Release|Any CPU.ActiveCfg = Release|Any CPU
		{9377F5D5-BE2B-4047-91BF-0355055459BB}.Release|Any CPU.Build.0 = Release|Any CPU
		{9377F5D5-BE2B-4047-91BF-0355055459BB}.Release|x64.ActiveCfg = Release|Any CPU
		{9377F5D5-BE2B-4047-91BF-0355055459BB}.Release|x64.Build.0 = Release|Any CPU
		{9377F5D5-BE2B-4047-91BF-0355055459BB}.Release|x86.ActiveCfg = Release|Any CPU
		{9377F5D5-BE2B-4047-91BF-0355055459BB}.Release|x86.Build.0 = Release|Any CPU
		{E1DA0AC4-D513-4A29-B0EC-38857420AB7A}.Debug|Any CPU.ActiveCfg = Debug|Any CPU
		{E1DA0AC4-D513-4A29-B0EC-38857420AB7A}.Debug|Any CPU.Build.0 = Debug|Any CPU
		{E1DA0AC4-D513-4A29-B0EC-38857420AB7A}.Debug|x64.ActiveCfg = Debug|Any CPU
		{E1DA0AC4-D513-4A29-B0EC-38857420AB7A}.Debug|x64.Build.0 = Debug|Any CPU
		{E1DA0AC4-D513-4A29-B0EC-38857420AB7A}.Debug|x86.ActiveCfg = Debug|Any CPU
		{E1DA0AC4-D513-4A29-B0EC-38857420AB7A}.Debug|x86.Build.0 = Debug|Any CPU
		{E1DA0AC4-D513-4A29-B0EC-38857420AB7A}.Release|Any CPU.ActiveCfg = Release|Any CPU
		{E1DA0AC4-D513-4A29-B0EC-38857420AB7A}.Release|Any CPU.Build.0 = Release|Any CPU
		{E1DA0AC4-D513-4A29-B0EC-38857420AB7A}.Release|x64.ActiveCfg = Release|Any CPU
		{E1DA0AC4-D513-4A29-B0EC-38857420AB7A}.Release|x64.Build.0 = Release|Any CPU
		{E1DA0AC4-D513-4A29-B0EC-38857420AB7A}.Release|x86.ActiveCfg = Release|Any CPU
		{E1DA0AC4-D513-4A29-B0EC-38857420AB7A}.Release|x86.Build.0 = Release|Any CPU
	EndGlobalSection
	GlobalSection(SolutionProperties) = preSolution
		HideSolutionNode = FALSE
	EndGlobalSection
	GlobalSection(NestedProjects) = preSolution
		{6A955E23-24C4-4EB1-B6D3-6825D3B01E8F} = {10C92FE2-D5F0-4231-B17F-3E66672EBCD9}
		{F9EE4FEF-E13A-40FC-8A9F-354AFD35AF3A} = {10C92FE2-D5F0-4231-B17F-3E66672EBCD9}
		{D629E55A-C370-3AF7-574F-E187C26AFB0D} = {CF01B880-93A7-46DB-BA02-12C566F78341}
		{1BD3C4A6-57BC-4CFA-9C4B-761248D462DA} = {53EBDEF7-ABF1-4664-BF0C-570E5CFBF0CA}
		{B426B091-F657-40E8-87FC-4153C833188E} = {53EBDEF7-ABF1-4664-BF0C-570E5CFBF0CA}
		{7670877A-1031-4974-8DFB-88E108CE3896} = {9095E438-264F-462D-A26E-6201E2E2D76D}
		{E2F80BEA-5CAA-4CBA-BF1B-035DB1705C05} = {9095E438-264F-462D-A26E-6201E2E2D76D}
		{5AFEDD46-1680-317E-7C2D-ECFA751CF956} = {CF01B880-93A7-46DB-BA02-12C566F78341}
		{264E44A6-725A-4FA4-9D3F-17676CF7A095} = {54033476-CCD2-4F8C-A252-C9F4F44059F0}
		{A9B3A668-0409-4585-8206-BFFA9F1B0AA8} = {54033476-CCD2-4F8C-A252-C9F4F44059F0}
		{FAC61571-D7F9-43E9-862E-BEE012D2CAD8} = {54033476-CCD2-4F8C-A252-C9F4F44059F0}
		{04896777-671A-4F3E-AA96-B2965DEDE7B3} = {54033476-CCD2-4F8C-A252-C9F4F44059F0}
		{314CFC46-48AB-4ABD-B499-AAADD3B1445E} = {54033476-CCD2-4F8C-A252-C9F4F44059F0}
		{B7A23F1E-49C6-4A8D-B5E2-3C7D9F0E1A4B} = {54033476-CCD2-4F8C-A252-C9F4F44059F0}
		{1E7C7E8E-63FF-49B0-B537-F73A35D62B0C} = {54033476-CCD2-4F8C-A252-C9F4F44059F0}
		{AB7B4FF3-D88B-43BE-8A6D-98B68752E95A} = {9095E438-264F-462D-A26E-6201E2E2D76D}
		{165E266A-FCEA-42CE-82CE-FE8F34E08F1E} = {54033476-CCD2-4F8C-A252-C9F4F44059F0}
		{E1DA0AC4-D513-4A29-B0EC-38857420AB7A} = {54033476-CCD2-4F8C-A252-C9F4F44059F0}
	EndGlobalSection
	GlobalSection(ExtensibilityGlobals) = postSolution
		SolutionGuid = {97AF72C6-150A-4236-A337-17C274270ACA}
	EndGlobalSection
EndGlobal
