{
  "version": 2,
  "dependencies": {
    "net10.0": {
      "Aspire.StackExchange.Redis.DistributedCaching": {
        "type": "Direct",
        "requested": "[13.2.3, )",
        "resolved": "13.2.3",
        "contentHash": "7Ivsa1fRT2waAQ/Fj7QnkC6aI1hBS5LKirbRfPNtxT00AxHIQI8dZryW9J4rNOLPqDdjndf1tMYrQQ+HafzQaQ==",
        "dependencies": {
          "AspNetCore.HealthChecks.Redis": "9.0.0",
          "Aspire.StackExchange.Redis": "13.2.3",
          "Microsoft.Extensions.Caching.StackExchangeRedis": "10.0.5",
          "Microsoft.Extensions.DependencyInjection.AutoActivation": "10.2.0",
          "OpenTelemetry.Extensions.Hosting": "1.15.0",
          "StackExchange.Redis": "2.11.0",
          "System.IO.Hashing": "10.0.3"
        }
      },
      "Blazouter": {
        "type": "Direct",
        "requested": "[1.0.13, )",
        "resolved": "1.0.13",
        "contentHash": "OqvAtL+ZB2OKvTTqT1D8eWpPfuLa9SOI89aN9A3tCQeGEr22QlU32Q1nNtm3rIYMLwnXE92zvosfZ2bZ6impCw=="
      },
      "Blazouter.Server": {
        "type": "Direct",
        "requested": "[1.0.13, )",
        "resolved": "1.0.13",
        "contentHash": "RXuN5BPHda3NmuKUaY0P7JhJSl9O/LItciSw5PQclXcV79rBQVYY3DZF6y1iXmRktd7rluWXKS5h0xVVHAbUGw==",
        "dependencies": {
          "Blazouter": "1.0.13"
        }
      },
      "Microsoft.AspNetCore.App.Internal.Assets": {
        "type": "Direct",
        "requested": "[10.0.5, )",
        "resolved": "10.0.5",
        "contentHash": "Oxw9Ps1/nd6c/EMCAI13AeJFEqXezAvCEOshMjUWmL7LeGirHJNzytR2e/3jINYg0j2TmPvNUowGHf+gp8zDSQ=="
      },
      "Microsoft.AspNetCore.Authentication.OpenIdConnect": {
        "type": "Direct",
        "requested": "[10.0.7, )",
        "resolved": "10.0.7",
        "contentHash": "Q7c2IKS/EwKScck80dp5zps1g62Dbqpteeh/mGMReFKuiP+88yWT4jB+mcP4cIFA+wsuIxh9uFJa6GHK4/9rzQ==",
        "dependencies": {
          "Microsoft.IdentityModel.Protocols.OpenIdConnect": "8.0.1"
        }
      },
      "Microsoft.AspNetCore.Components.WebAssembly.Server": {
        "type": "Direct",
        "requested": "[10.0.7, )",
        "resolved": "10.0.7",
        "contentHash": "OfuZkTusYUgT3m9C94OSv3m1mNiIryUL8nw6VMexWQdVMLD71w+HJeIK+l6u5HuMRrc3GegUuFPazrtBwrQj5Q==",
        "dependencies": {
          "Microsoft.AspNetCore.Components.WebAssembly": "10.0.7"
        }
      },
      "Microsoft.Extensions.Http": {
        "type": "Direct",
        "requested": "[10.0.7, )",
        "resolved": "10.0.7",
        "contentHash": "1wbd+RPhRo3hJKNJhdGEO5ls0LGe55Ho4BUjlFtRUrWxDVVBd7g0Ydq9fbNy86pmvx/j7AGcSPo7YNCo1IRI6Q=="
      },
      "Microsoft.Extensions.Http.Resilience": {
        "type": "Direct",
        "requested": "[10.1.0, )",
        "resolved": "10.1.0",
        "contentHash": "rwDoQBB93yQjd1XtcZBnOLRX23LW7Z49TIAp1sn7i2r/pW3y4iB8E+EEL0ZyOPuEZxT9xEVN9y39KWlG1FDPkQ==",
        "dependencies": {
          "Microsoft.Extensions.Http.Diagnostics": "10.1.0",
          "Microsoft.Extensions.Resilience": "10.1.0"
        }
      },
      "Microsoft.OpenApi": {
        "type": "Direct",
        "requested": "[2.1.0, )",
        "resolved": "2.1.0",
        "contentHash": "8eVvfjERqtZ+bwuX7HiKzbidCQSxBe86z6RSy7b9WJ35kMDtxUE6+sMXDMWXWOhrlIwid3MEpVvLSlI8vki7bQ=="
      },
      "Microsoft.VisualStudio.Azure.Containers.Tools.Targets": {
        "type": "Direct",
        "requested": "[1.23.0, )",
        "resolved": "1.23.0",
        "contentHash": "2wDnb4umupJZ/1ikgWozFVpggH1mlHQFc0odXVv2ZagL3RYwXgW9zmC15fiqIBzmaC0vLZUnLGwDY+p8ZR7Syw=="
      },
      "Serilog.AspNetCore": {
        "type": "Direct",
        "requested": "[10.0.0, )",
        "resolved": "10.0.0",
        "contentHash": "a/cNa1mY4On1oJlfGG1wAvxjp5g7OEzk/Jf/nm7NF9cWoE7KlZw1GldrifUBWm9oKibHkR7Lg/l5jy3y7ACR8w==",
        "dependencies": {
          "Serilog": "4.3.0",
          "Serilog.Extensions.Hosting": "10.0.0",
          "Serilog.Formatting.Compact": "3.0.0",
          "Serilog.Settings.Configuration": "10.0.0",
          "Serilog.Sinks.Console": "6.1.1",
          "Serilog.Sinks.Debug": "3.0.0",
          "Serilog.Sinks.File": "7.0.0"
        }
      },
      "Serilog.Enrichers.Environment": {
        "type": "Direct",
        "requested": "[3.0.1, )",
        "resolved": "3.0.1",
        "contentHash": "9BqCE4C9FF+/rJb/CsQwe7oVf44xqkOvMwX//CUxvUR25lFL4tSS6iuxE5eW07quby1BAyAEP+vM6TWsnT3iqw==",
        "dependencies": {
          "Serilog": "4.0.0"
        }
      },
      "Serilog.Enrichers.Process": {
        "type": "Direct",
        "requested": "[3.0.0, )",
        "resolved": "3.0.0",
        "contentHash": "/wPYz2PDCJGSHNI+Z0PAacZvrgZgrGduWqLXeC2wvW6pgGM/Bi45JrKy887MRcRPHIZVU0LAlkmJ7TkByC0boQ==",
        "dependencies": {
          "Serilog": "4.0.0"
        }
      },
      "Serilog.Enrichers.Thread": {
        "type": "Direct",
        "requested": "[4.0.0, )",
        "resolved": "4.0.0",
        "contentHash": "C7BK25a1rhUyr+Tp+1BYcVlBJq7M2VCHlIgnwoIUVJcicM9jYcvQK18+OeHiXw7uLPSjqWxJIp1EfaZ/RGmEwA==",
        "dependencies": {
          "Serilog": "4.0.0"
        }
      },
      "Serilog.Formatting.Compact": {
        "type": "Direct",
        "requested": "[3.0.0, )",
        "resolved": "3.0.0",
        "contentHash": "wQsv14w9cqlfB5FX2MZpNsTawckN4a8dryuNGbebB/3Nh1pXnROHZov3swtu3Nj5oNG7Ba+xdu7Et/ulAUPanQ==",
        "dependencies": {
          "Serilog": "4.0.0"
        }
      },
      "Serilog.Settings.Configuration": {
        "type": "Direct",
        "requested": "[10.0.0, )",
        "resolved": "10.0.0",
        "contentHash": "LNq+ibS1sbhTqPV1FIE69/9AJJbfaOhnaqkzcjFy95o+4U+STsta9mi97f1smgXsWYKICDeGUf8xUGzd/52/uA==",
        "dependencies": {
          "Microsoft.Extensions.DependencyModel": "10.0.0",
          "Serilog": "4.3.0"
        }
      },
      "Yarp.ReverseProxy": {
        "type": "Direct",
        "requested": "[2.3.0, )",
        "resolved": "2.3.0",
        "contentHash": "gxtkN3a+9biu9V9Zd5NaTO6VZWXAnS2mhQ0R/VXmSPoTuiQNZsakKikrKpDtKxrL5nUYzbRsHtl40WNq+ZBKKg==",
        "dependencies": {
          "System.IO.Hashing": "8.0.0"
        }
      },
      "Aspire.StackExchange.Redis": {
        "type": "Transitive",
        "resolved": "13.2.3",
        "contentHash": "ZBfP8yv6/9VbrRad2j0xtbXPB2RzpOgToQQKuhOqvPhwRppZ8/YlqkTOb4uWqNHl9U3+MkeWL2OkJ3Tn5kD6Zw==",
        "dependencies": {
          "AspNetCore.HealthChecks.Redis": "9.0.0",
          "Microsoft.Extensions.DependencyInjection.AutoActivation": "10.2.0",
          "OpenTelemetry.Extensions.Hosting": "1.15.0",
          "StackExchange.Redis": "2.11.0",
          "System.IO.Hashing": "10.0.3"
        }
      },
      "AspNetCore.HealthChecks.Redis": {
        "type": "Transitive",
        "resolved": "9.0.0",
        "contentHash": "yNH0h8GLRbAf+PU5HNVLZ5hNeyq9mDVmRKO9xuZsme/znUYoBJlQvI0gq45gaZNlLncCHkMhR4o90MuT+gxxPw==",
        "dependencies": {
          "StackExchange.Redis": "2.7.4"
        }
      },
      "AWSSDK.Core": {
        "type": "Transitive",
        "resolved": "4.0.3.6",
        "contentHash": "bx61NSP9bQ5BTPXGzyhS7f4d+YzIiSelsblj8JALHp5uoYKVRnoRTbWb3lyUTdzJ9UZj7Q7JiQ8sJJ5JHQ5Jrg=="
      },
      "BouncyCastle.Cryptography": {
        "type": "Transitive",
        "resolved": "2.6.2",
        "contentHash": "7oWOcvnntmMKNzDLsdxAYqApt+AjpRpP2CShjMfIa3umZ42UQMvH0tl1qAliYPNYO6vTdcGMqnRrCPmsfzTI1w=="
      },
      "Google.Api.CommonProtos": {
        "type": "Transitive",
        "resolved": "2.17.0",
        "contentHash": "elfQPknFr495hm7vdy6ZlgyQh6yzZq9TU7sS35L/Fj/fqjM/mUGau9gVJLhvQEtUlPjtR80hpn/m9HvBMyCXIw==",
        "dependencies": {
          "Google.Protobuf": "[3.31.1, 4.0.0]"
        }
      },
      "Google.Protobuf": {
        "type": "Transitive",
        "resolved": "3.34.1",
        "contentHash": "212vdYxRuVopGE5bess6Jg5oXWyizA6hcLPTI7G+qA4PthQEvfeof3njT+7VSY5v/+O0P22xTydiP5fSJJpGEA=="
      },
      "Grpc": {
        "type": "Transitive",
        "resolved": "2.46.6",
        "contentHash": "vpC39vgCxbVBnsn8boeQv2aGIdEFqQMnjsoDvyYfr6tC93Fe9KqNG1mAiF6KLzJTwk6aiWHGNYE2EqmDUzk5ng==",
        "dependencies": {
          "Grpc.Core": "2.46.6"
        }
      },
      "Grpc.Core": {
        "type": "Transitive",
        "resolved": "2.46.6",
        "contentHash": "ZoRg3KmOJ2urTF4+u3H0b1Yv10xzz2Y/flFWS2tnRmj8dbKLeiJaSRqu4LOBD3ova90evqLkVZ85kUkC4JT4lw==",
        "dependencies": {
          "Grpc.Core.Api": "2.46.6"
        }
      },
      "Grpc.Core.Api": {
        "type": "Transitive",
        "resolved": "2.76.0",
        "contentHash": "cSxC2tdnFdXXuBgIn1pjc4YBx7LXTCp4M0qn+SMBS35VWZY+cEQYLWTBDDhdBH1HzU7BV+ncVZlniGQHMpRJKQ=="
      },
      "Grpc.Net.Client": {
        "type": "Transitive",
        "resolved": "2.76.0",
        "contentHash": "K1oldmqw2+Gn69nGRzZLhqSiUZwelX1GrBu/cUl9wNf1C0uB61vFS6JcxUUv9P8VoUJhFsmV44JA6lI2EUt4xw==",
        "dependencies": {
          "Grpc.Net.Common": "2.76.0"
        }
      },
      "Grpc.Net.Common": {
        "type": "Transitive",
        "resolved": "2.76.0",
        "contentHash": "bZpiMVYgvpB44/wBh1RotrkqC7bg2FOasLri2GhR3hMKyzsiTxCoDE49YjPrJeFc4RW0wS8u+EInI09sjxVFRA==",
        "dependencies": {
          "Grpc.Core.Api": "2.76.0"
        }
      },
      "MediatR.Contracts": {
        "type": "Transitive",
        "resolved": "2.0.1",
        "contentHash": "FYv95bNT4UwcNA+G/J1oX5OpRiSUxteXaUt2BJbRSdRNiIUNbggJF69wy6mnk2wYToaanpdXZdCwVylt96MpwQ=="
      },
      "Microsoft.DotNet.HotReload.WebAssembly.Browser": {
        "type": "Transitive",
        "resolved": "10.0.201",
        "contentHash": "4EAMH3CqtVwVm7Sx4DnNtZj/J0b+A1YGcTnCL6prhQ8ZHlwbVtZ3RmSyJdi85mSnLl+u94aVr8fElRGkjZkKmw=="
      },
      "Microsoft.EntityFrameworkCore.Abstractions": {
        "type": "Transitive",
        "resolved": "10.0.7",
        "contentHash": "TuxExnfIS/bSq3z2CbH0LwZH1oyj9iHhSGneU4fpxl3ikjZGZdSae9gcfnImV1rufH8f/ab1NnHwyL2BLyeZOg=="
      },
      "Microsoft.EntityFrameworkCore.Analyzers": {
        "type": "Transitive",
        "resolved": "10.0.7",
        "contentHash": "eZnMyiJzo249Ejg5CaFScvJS0u7neQfS9DXknAHTO6FHVMM99gO0byNXHGZmA/BOkZ13ngeVziQLHTMOtgescg=="
      },
      "Microsoft.Extensions.AmbientMetadata.Application": {
        "type": "Transitive",
        "resolved": "10.1.0",
        "contentHash": "+T2Ax2fgw7T7nlhio+ZtgSyYGfevHCOXNPqO0vxA+f2HmbtfwAnIwHEE/jm1/4uFRDDP8PEENpxAhbucg+wUWg=="
      },
      "Microsoft.Extensions.Caching.StackExchangeRedis": {
        "type": "Transitive",
        "resolved": "10.0.5",
        "contentHash": "zXb143/TpEKOLQuWGw2CkJgb9F4XXh2XbevMvppzsIHr1/pjML0zjc+vzXcpCV8YUwpW5NIaScZhzFSm621B3Q==",
        "dependencies": {
          "StackExchange.Redis": "2.7.27"
        }
      },
      "Microsoft.Extensions.DependencyInjection.AutoActivation": {
        "type": "Transitive",
        "resolved": "10.2.0",
        "contentHash": "Z/OI261l7LnxyODKPx0trQyIHFyicCR/akfn64lGOjPcf4FpAZ7ePAGl2HPvQBUBSNfPTF0gWeCfuFmyftMgYA=="
      },
      "Microsoft.Extensions.DependencyModel": {
        "type": "Transitive",
        "resolved": "10.0.0",
        "contentHash": "RFYJR7APio/BiqdQunRq6DB+nDB6nc2qhHr77mlvZ0q0BT8PubMXN7XicmfzCbrDE/dzhBnUKBRXLTcqUiZDGg=="
      },
      "Microsoft.Extensions.Diagnostics.ExceptionSummarization": {
        "type": "Transitive",
        "resolved": "10.1.0",
        "contentHash": "Q76peCoP6vXXf95RLFeMGzcaQs8l3lk+n/ZOTi2i+OLd3R0HzzB0Fswjua4NY1viIbA1s6l1mqRjQbxY7+Jylw=="
      },
      "Microsoft.Extensions.Http.Diagnostics": {
        "type": "Transitive",
        "resolved": "10.1.0",
        "contentHash": "RA1Egggf5o7/5AI5TIxOmmV7T06X2jvA9nSlJazU++X/pgu48EDAjDflTq/+kAk0FHUm9ZpAiBVdWfOP2opAbQ==",
        "dependencies": {
          "Microsoft.Extensions.Telemetry": "10.1.0"
        }
      },
      "Microsoft.Extensions.Resilience": {
        "type": "Transitive",
        "resolved": "10.1.0",
        "contentHash": "NzA+c4m2q92qZPjiZLFm+ToeQC3KFqzP+Dr/1pV5y9d7H/hDM2Yxno0kcw5DGpSvS0s6Pwsp+FWMdk/kXBPZ7g==",
        "dependencies": {
          "Microsoft.Extensions.Diagnostics.ExceptionSummarization": "10.1.0",
          "Microsoft.Extensions.Telemetry.Abstractions": "10.1.0",
          "Polly.Extensions": "8.4.2",
          "Polly.RateLimiting": "8.4.2"
        }
      },
      "Microsoft.Extensions.ServiceDiscovery.Abstractions": {
        "type": "Transitive",
        "resolved": "10.1.0",
        "contentHash": "uNPOkiRJx6J01aoHQBoX+QR6ZmQpIYdg/OO9+x/M3lkY6JTHBxp3pohcOyEe9l77MT8+3fVEP84/Uw+JODkA0Q=="
      },
      "Microsoft.Extensions.Telemetry": {
        "type": "Transitive",
        "resolved": "10.1.0",
        "contentHash": "OFnpwOBRZZXMMySvM7eJsEQ87ED5SaRbxHg/an1u89MWHw0mXUUbx5WPb5XFN0uS8kJPe6M+ZMRYwRP0nJeDPA==",
        "dependencies": {
          "Microsoft.Extensions.AmbientMetadata.Application": "10.1.0",
          "Microsoft.Extensions.DependencyInjection.AutoActivation": "10.1.0",
          "Microsoft.Extensions.Telemetry.Abstractions": "10.1.0"
        }
      },
      "Microsoft.Extensions.Telemetry.Abstractions": {
        "type": "Transitive",
        "resolved": "10.1.0",
        "contentHash": "0jAF2b0YJ1LOtunmo3PzSoJOx/ThhcGH5Y5kaV0jeM0BUlyr9orjg+fH5YabqnPSmwcN/DSTj0iZ7UwDISn5ag==",
        "dependencies": {
          "Microsoft.Extensions.Compliance.Abstractions": "10.1.0"
        }
      },
      "Microsoft.IdentityModel.Abstractions": {
        "type": "Transitive",
        "resolved": "8.14.0",
        "contentHash": "iwbCpSjD3ehfTwBhtSNEtKPK0ICun6ov7Ibx6ISNA9bfwIyzI2Siwyi9eJFCJBwxowK9xcA1mj+jBWiigeqgcQ=="
      },
      "Microsoft.IdentityModel.JsonWebTokens": {
        "type": "Transitive",
        "resolved": "8.14.0",
        "contentHash": "4jOpiA4THdtpLyMdAb24dtj7+6GmvhOhxf5XHLYWmPKF8ApEnApal1UnJsKO4HxUWRXDA6C4WQVfYyqsRhpNpQ==",
        "dependencies": {
          "Microsoft.IdentityModel.Tokens": "8.14.0"
        }
      },
      "Microsoft.IdentityModel.Logging": {
        "type": "Transitive",
        "resolved": "8.14.0",
        "contentHash": "eqqnemdW38CKZEHS6diA50BV94QICozDZEvSrsvN3SJXUFwVB9gy+/oz76gldP7nZliA16IglXjXTCTdmU/Ejg==",
        "dependencies": {
          "Microsoft.IdentityModel.Abstractions": "8.14.0"
        }
      },
      "Microsoft.IdentityModel.Protocols": {
        "type": "Transitive",
        "resolved": "8.0.1",
        "contentHash": "uA2vpKqU3I2mBBEaeJAWPTjT9v1TZrGWKdgK6G5qJd03CLx83kdiqO9cmiK8/n1erkHzFBwU/RphP83aAe3i3g==",
        "dependencies": {
          "Microsoft.IdentityModel.Tokens": "8.0.1"
        }
      },
      "Microsoft.JSInterop.WebAssembly": {
        "type": "Transitive",
        "resolved": "10.0.7",
        "contentHash": "qHLPMsIQhqQ5jTBU3MzQg37rp6EzKT2iaMfGOSzBEiGxg4i+/1aGj3T19u/sboEGMPBx2nwIMLbSK1zLZucMcQ=="
      },
      "Microsoft.Win32.SystemEvents": {
        "type": "Transitive",
        "resolved": "6.0.0",
        "contentHash": "hqTM5628jSsQiv+HGpiq3WKBl2c8v1KZfby2J6Pr7pEPlK9waPdgEO6b8A/+/xn/yZ9ulv8HuqK71ONy2tg67A=="
      },
      "MimeKit": {
        "type": "Transitive",
        "resolved": "4.15.1",
        "contentHash": "cxCcQhD0zhboFoG136jJuJtQjNRDJ+BxBm3f2vWn+53bff/CRo+K1mAkWjsW4Wuyy5O22F40MdMG2nRzQu1cJw==",
        "dependencies": {
          "BouncyCastle.Cryptography": "2.6.2",
          "System.Security.Cryptography.Pkcs": "10.0.0"
        }
      },
      "OpenTelemetry.Api": {
        "type": "Transitive",
        "resolved": "1.15.3",
        "contentHash": "fX+fkCysfPut+qCcT3bKqyX4QN9Saf4CgX8HLOHywEVD+Xr7sULtfuypITpoDysjx8R59dn/3mWhgimMH8cm/g=="
      },
      "OpenTelemetry.Api.ProviderBuilderExtensions": {
        "type": "Transitive",
        "resolved": "1.15.3",
        "contentHash": "SYn0lqYDwLMWhv/zlNGsQcl2yX++yTumanX46bmOZE/ZDOd1WjPBO2kZaZgKLEZTZk48pavIFGJ6vOvxXgWVFQ==",
        "dependencies": {
          "OpenTelemetry.Api": "1.15.3"
        }
      },
      "Pipelines.Sockets.Unofficial": {
        "type": "Transitive",
        "resolved": "2.2.8",
        "contentHash": "zG2FApP5zxSx6OcdJQLbZDk2AVlN2BNQD6MorwIfV6gVj0RRxWPEp2LXAxqDGZqeNV1Zp0BNPcNaey/GXmTdvQ=="
      },
      "Polly.Core": {
        "type": "Transitive",
        "resolved": "8.6.6",
        "contentHash": "lCBL9mmhF9TZxHG3beVRkyjlLohkIC464xIAq7J7Y59C+z42hmsdUaeCKl2SIAYertOUU5TeBXyQDLDQGIKePQ=="
      },
      "Polly.Extensions": {
        "type": "Transitive",
        "resolved": "8.4.2",
        "contentHash": "GZ9vRVmR0jV2JtZavt+pGUsQ1O1cuRKG7R7VOZI6ZDy9y6RNPvRvXK1tuS4ffUrv8L0FTea59oEuQzgS0R7zSA==",
        "dependencies": {
          "Polly.Core": "8.4.2"
        }
      },
      "Polly.Extensions.Http": {
        "type": "Transitive",
        "resolved": "3.0.0",
        "contentHash": "drrG+hB3pYFY7w1c3BD+lSGYvH2oIclH8GRSehgfyP5kjnFnHKQuuBhuHLv+PWyFuaTDyk/vfRpnxOzd11+J8g==",
        "dependencies": {
          "Polly": "7.1.0"
        }
      },
      "Polly.RateLimiting": {
        "type": "Transitive",
        "resolved": "8.4.2",
        "contentHash": "ehTImQ/eUyO07VYW2WvwSmU9rRH200SKJ/3jku9rOkyWE0A2JxNFmAVms8dSn49QLSjmjFRRSgfNyOgr/2PSmA==",
        "dependencies": {
          "Polly.Core": "8.4.2"
        }
      },
      "runtime.native.System.Data.SqlClient.sni": {
        "type": "Transitive",
        "resolved": "4.7.0",
        "contentHash": "9kyFSIdN3T0qjDQ2R0HRXYIhS3l5psBzQi6qqhdLz+SzFyEy4sVxNOke+yyYv8Cu8rPER12c3RDjLT8wF3WBYQ==",
        "dependencies": {
          "runtime.win-arm64.runtime.native.System.Data.SqlClient.sni": "4.4.0",
          "runtime.win-x64.runtime.native.System.Data.SqlClient.sni": "4.4.0",
          "runtime.win-x86.runtime.native.System.Data.SqlClient.sni": "4.4.0"
        }
      },
      "runtime.win-arm64.runtime.native.System.Data.SqlClient.sni": {
        "type": "Transitive",
        "resolved": "4.4.0",
        "contentHash": "LbrynESTp3bm5O/+jGL8v0Qg5SJlTV08lpIpFesXjF6uGNMWqFnUQbYBJwZTeua6E/Y7FIM1C54Ey1btLWupdg=="
      },
      "runtime.win-x64.runtime.native.System.Data.SqlClient.sni": {
        "type": "Transitive",
        "resolved": "4.4.0",
        "contentHash": "38ugOfkYJqJoX9g6EYRlZB5U2ZJH51UP8ptxZgdpS07FgOEToV+lS11ouNK2PM12Pr6X/PpT5jK82G3DwH/SxQ=="
      },
      "runtime.win-x86.runtime.native.System.Data.SqlClient.sni": {
        "type": "Transitive",
        "resolved": "4.4.0",
        "contentHash": "YhEdSQUsTx+C8m8Bw7ar5/VesXvCFMItyZF7G1AUY+OM0VPZUOeAVpJ4Wl6fydBGUYZxojTDR3I6Bj/+BPkJNA=="
      },
      "Serilog": {
        "type": "Transitive",
        "resolved": "4.3.0",
        "contentHash": "+cDryFR0GRhsGOnZSKwaDzRRl4MupvJ42FhCE4zhQRVanX0Jpg6WuCBk59OVhVDPmab1bB+nRykAnykYELA9qQ=="
      },
      "Serilog.Extensions.Hosting": {
        "type": "Transitive",
        "resolved": "10.0.0",
        "contentHash": "E7juuIc+gzoGxgzFooFgAV8g9BfiSXNKsUok9NmEpyAXg2odkcPsMa/Yo4axkJRlh0se7mkYQ1GXDaBemR+b6w==",
        "dependencies": {
          "Serilog": "4.3.0",
          "Serilog.Extensions.Logging": "10.0.0"
        }
      },
      "Serilog.Extensions.Logging": {
        "type": "Transitive",
        "resolved": "10.0.0",
        "contentHash": "vx0kABKl2dWbBhhqAfTOk53/i8aV/5VaT3a6il9gn72Wqs2pM7EK2OB6No6xdqK2IaY6Zf9gdjLuK9BVa2rT+Q==",
        "dependencies": {
          "Serilog": "4.2.0"
        }
      },
      "Serilog.Sinks.Console": {
        "type": "Transitive",
        "resolved": "6.1.1",
        "contentHash": "8jbqgjUyZlfCuSTaJk6lOca465OndqOz3KZP6Cryt/IqZYybyBu7GP0fE/AXBzrrQB3EBmQntBFAvMVz1COvAA==",
        "dependencies": {
          "Serilog": "4.0.0"
        }
      },
      "Serilog.Sinks.Debug": {
        "type": "Transitive",
        "resolved": "3.0.0",
        "contentHash": "4BzXcdrgRX7wde9PmHuYd9U6YqycCC28hhpKonK7hx0wb19eiuRj16fPcPSVp0o/Y1ipJuNLYQ00R3q2Zs8FDA==",
        "dependencies": {
          "Serilog": "4.0.0"
        }
      },
      "Serilog.Sinks.File": {
        "type": "Transitive",
        "resolved": "7.0.0",
        "contentHash": "fKL7mXv7qaiNBUC71ssvn/dU0k9t0o45+qm2XgKAlSt19xF+ijjxyA3R6HmCgfKEKwfcfkwWjayuQtRueZFkYw==",
        "dependencies": {
          "Serilog": "4.2.0"
        }
      },
      "StackExchange.Redis": {
        "type": "Transitive",
        "resolved": "2.11.0",
        "contentHash": "tCYDmkaCpEc48MZHh/FgQKavX/kqjpBAIyEFxeO9LTuHRV0flJndXcKpfbgUKahKuk/OI6TEXM6NwKu0gi6xjQ==",
        "dependencies": {
          "Pipelines.Sockets.Unofficial": "2.2.8",
          "System.IO.Hashing": "10.0.2"
        }
      },
      "System.CodeDom": {
        "type": "Transitive",
        "resolved": "6.0.0",
        "contentHash": "CPc6tWO1LAer3IzfZufDBRL+UZQcj5uS207NHALQzP84Vp/z6wF0Aa0YZImOQY8iStY0A2zI/e3ihKNPfUm8XA=="
      },
      "System.ComponentModel.Annotations": {
        "type": "Transitive",
        "resolved": "5.0.0",
        "contentHash": "dMkqfy2el8A8/I76n2Hi1oBFEbG1SfxD2l5nhwXV3XjlnOmwxJlQbYpJH4W51odnU9sARCSAgv7S3CyAFMkpYg=="
      },
      "System.Configuration.ConfigurationManager": {
        "type": "Transitive",
        "resolved": "6.0.1",
        "contentHash": "jXw9MlUu/kRfEU0WyTptAVueupqIeE3/rl0EZDMlf8pcvJnitQ8HeVEp69rZdaStXwTV72boi/Bhw8lOeO+U2w==",
        "dependencies": {
          "System.Security.Cryptography.ProtectedData": "6.0.0",
          "System.Security.Permissions": "6.0.0"
        }
      },
      "System.Data.SqlClient": {
        "type": "Transitive",
        "resolved": "4.8.6",
        "contentHash": "2Ij/LCaTQRyAi5lAv7UUTV9R2FobC8xN9mE0fXBZohum/xLl8IZVmE98Rq5ugQHjCgTBRKqpXRb4ORulRdA6Ig==",
        "dependencies": {
          "runtime.native.System.Data.SqlClient.sni": "4.7.0"
        }
      },
      "System.Drawing.Common": {
        "type": "Transitive",
        "resolved": "6.0.0",
        "contentHash": "NfuoKUiP2nUWwKZN6twGqXioIe1zVD0RIj2t976A+czLHr2nY454RwwXs6JU9Htc6mwqL6Dn/nEL3dpVf2jOhg==",
        "dependencies": {
          "Microsoft.Win32.SystemEvents": "6.0.0"
        }
      },
      "System.IO.Hashing": {
        "type": "Transitive",
        "resolved": "10.0.3",
        "contentHash": "La6ICwsdTKhVX+LKN+pvFjQRR3LhLwq3uKdi2knjLzRyPYBSydF4cjXidYxIiTcDD6XVYdsBWQEI8ZxiZ/OdIg=="
      },
      "System.Security.Cryptography.Pkcs": {
        "type": "Transitive",
        "resolved": "10.0.0",
        "contentHash": "UPWqLSygJlFerRi9XNIuM0a1VC8gHUIufyP24xQ0sc+XimqUAEcjpOz9DhKpyDjH+5B/wO3RpC0KpkEeDj/ddg=="
      },
      "System.Security.Cryptography.ProtectedData": {
        "type": "Transitive",
        "resolved": "6.0.0",
        "contentHash": "rp1gMNEZpvx9vP0JW0oHLxlf8oSiQgtno77Y4PLUBjSiDYoD77Y8uXHr1Ea5XG4/pIKhqAdxZ8v8OTUtqo9PeQ=="
      },
      "System.Security.Permissions": {
        "type": "Transitive",
        "resolved": "6.0.0",
        "contentHash": "T/uuc7AklkDoxmcJ7LGkyX1CcSviZuLCa4jg3PekfJ7SU0niF0IVTXwUiNVP9DSpzou2PpxJ+eNY2IfDM90ZCg==",
        "dependencies": {
          "System.Windows.Extensions": "6.0.0"
        }
      },
      "System.Windows.Extensions": {
        "type": "Transitive",
        "resolved": "6.0.0",
        "contentHash": "IXoJOXIqc39AIe+CIR7koBtRGMiCt/LPM3lI+PELtDIy9XdyeSrwXFdWV9dzJ2Awl0paLWUaknLxFQ5HpHZUog==",
        "dependencies": {
          "System.Drawing.Common": "6.0.0"
        }
      },
      "explore.application": {
        "type": "Project",
        "dependencies": {
          "AutoMapper": "[16.1.1, )",
          "EntityFramework": "[6.5.1, )",
          "Explore.Domain": "[1.0.0, )",
          "FluentValidation.DependencyInjectionExtensions": "[12.0.0, )",
          "MediatR": "[14.1.0, )",
          "Microsoft.Extensions.Caching.Hybrid": "[10.2.0, )",
          "OpenFeature": "[2.11.1, )"
        }
      },
      "explore.blazor.client": {
        "type": "Project",
        "dependencies": {
          "Blazored.FluentValidation": "[2.2.0, )",
          "Blazouter": "[1.0.13, )",
          "Blazouter.WebAssembly": "[1.0.13, )",
          "Explore.Domain": "[1.0.0, )",
          "FluentValidation": "[11.9.1, )",
          "Microsoft.AspNetCore.Components.WebAssembly": "[10.0.7, )",
          "Microsoft.AspNetCore.Components.WebAssembly.Authentication": "[10.0.7, )",
          "Microsoft.DotNet.HotReload.WebAssembly.Browser": "[10.0.201, )",
          "MudBlazor": "[9.3.0, )"
        }
      },
      "explore.domain": {
        "type": "Project",
        "dependencies": {
          "Microsoft.Extensions.Compliance.Abstractions": "[9.9.0, )"
        }
      },
      "explore.infrastructure": {
        "type": "Project",
        "dependencies": {
          "AWSSDK.S3": "[4.0.16.1, )",
          "Cerbos.Sdk": "[1.9.1, )",
          "Explore.Application": "[1.0.0, )",
          "MailKit": "[4.15.1, )",
          "Microsoft.Extensions.Http.Resilience": "[10.1.0, )",
          "OpenFeature": "[2.11.1, )",
          "Polly": "[8.6.6, )"
        }
      },
      "explore.persistence": {
        "type": "Project",
        "dependencies": {
          "EFCore.NamingConventions": "[10.0.0, )",
          "Explore.Application": "[1.0.0, )",
          "Explore.Secrets": "[1.0.0, )",
          "Microsoft.AspNetCore.DataProtection.EntityFrameworkCore": "[10.0.7, )",
          "Microsoft.EntityFrameworkCore": "[10.0.7, )",
          "Microsoft.EntityFrameworkCore.Relational": "[10.0.7, )",
          "Npgsql.EntityFrameworkCore.PostgreSQL": "[10.0.1, )"
        }
      },
      "explore.secrets": {
        "type": "Project",
        "dependencies": {
          "Explore.Application": "[1.0.0, )",
          "Infisical.Sdk": "[3.0.4, )",
          "Npgsql": "[10.0.2, )",
          "Npgsql.EntityFrameworkCore.PostgreSQL": "[10.0.1, )"
        }
      },
      "explore.servicedefaults": {
        "type": "Project",
        "dependencies": {
          "Microsoft.Extensions.Http.Resilience": "[10.1.0, )",
          "Microsoft.Extensions.ServiceDiscovery": "[10.1.0, )",
          "OpenTelemetry.Exporter.OpenTelemetryProtocol": "[1.15.3, )",
          "OpenTelemetry.Exporter.Prometheus.AspNetCore": "[1.15.3-beta.1, )",
          "OpenTelemetry.Extensions.Hosting": "[1.15.3, )",
          "OpenTelemetry.Instrumentation.AspNetCore": "[1.15.2, )",
          "OpenTelemetry.Instrumentation.Http": "[1.15.1, )",
          "OpenTelemetry.Instrumentation.Runtime": "[1.15.1, )"
        }
      },
      "AutoMapper": {
        "type": "CentralTransitive",
        "requested": "[16.1.1, )",
        "resolved": "16.1.1",
        "contentHash": "VNEky8JA15ci+oIDRGHITOGOpV4dILsf8pnn24QhDl2urtqgJ2IXiS/V2EtGU17P/+f6OeFQPJETaZXV9QOIZg==",
        "dependencies": {
          "Microsoft.IdentityModel.JsonWebTokens": "8.14.0"
        }
      },
      "AWSSDK.S3": {
        "type": "CentralTransitive",
        "requested": "[4.0.16.1, )",
        "resolved": "4.0.16.1",
        "contentHash": "LYqhlD/2ragWo7WHwQOjPLSXn3BuFa2gf+/0eIqSUknwdJLGRNyXdhaSUVvqUDsAVkkQu455X+Oknk/lqCJx9A==",
        "dependencies": {
          "AWSSDK.Core": "[4.0.3.6, 5.0.0)"
        }
      },
      "Blazored.FluentValidation": {
        "type": "CentralTransitive",
        "requested": "[2.2.0, )",
        "resolved": "2.2.0",
        "contentHash": "lBSHW7faCJqwn7KtZt6vqHSiyGvTL5McpS4sQUW3RLu2R5eMmf4oolFeufZfcAB8TV8iI+/PYouz7sn773E8Og==",
        "dependencies": {
          "FluentValidation": "11.9.1"
        }
      },
      "Blazouter.WebAssembly": {
        "type": "CentralTransitive",
        "requested": "[1.0.13, )",
        "resolved": "1.0.13",
        "contentHash": "QDYwJByrr3XDHEKg/uRj95gdgLP+34iFzvpewXuUdZdfW0b4DXERvk16IhS5lVBhc5RDsSOetune5XAgsoECbA==",
        "dependencies": {
          "Blazouter": "1.0.13"
        }
      },
      "Cerbos.Sdk": {
        "type": "CentralTransitive",
        "requested": "[1.9.1, )",
        "resolved": "1.9.1",
        "contentHash": "0nXDkOcM59conBKNITfOm7dLwRdU5pO65y/r06FZKDq/Q85xse2p2fhY3sXmjSfxmcXFTkHEQd/ldKzqeleNlQ==",
        "dependencies": {
          "Google.Api.CommonProtos": "2.17.0",
          "Google.Protobuf": "3.34.1",
          "Grpc": "2.46.6",
          "Grpc.Net.Client": "2.76.0",
          "Polly": "8.6.6"
        }
      },
      "EFCore.NamingConventions": {
        "type": "CentralTransitive",
        "requested": "[10.0.0, )",
        "resolved": "10.0.0",
        "contentHash": "gEJLy60tsQaPT69vkNFtyYKd2WcBcPB71vE2IKqAuJfP4UrC3gh4DAMR9+TpUpxGCQyRQ3IOO4SzIb+KfjTw6Q==",
        "dependencies": {
          "Microsoft.EntityFrameworkCore": "[10.0.1, 11.0.0)",
          "Microsoft.EntityFrameworkCore.Relational": "[10.0.1, 11.0.0)"
        }
      },
      "EntityFramework": {
        "type": "CentralTransitive",
        "requested": "[6.5.1, )",
        "resolved": "6.5.1",
        "contentHash": "sQRP2lWg1i3aAGWqdliAM8zrGx7LHMUk+9/MoxUjwfTZYGMXvZ2JYZTlyTm1PqDxvn3c9E3U76TWDON7Y5+CVA==",
        "dependencies": {
          "System.CodeDom": "6.0.0",
          "System.ComponentModel.Annotations": "5.0.0",
          "System.Configuration.ConfigurationManager": "6.0.1",
          "System.Data.SqlClient": "4.8.6"
        }
      },
      "FluentValidation": {
        "type": "CentralTransitive",
        "requested": "[11.9.1, )",
        "resolved": "12.0.0",
        "contentHash": "8NVLxtMUXynRHJIX3Hn1ACovaqZIJASufXIIFkD0EUbcd5PmMsL1xUD5h548gCezJ5BzlITaR9CAMrGe29aWpA=="
      },
      "FluentValidation.DependencyInjectionExtensions": {
        "type": "CentralTransitive",
        "requested": "[12.0.0, )",
        "resolved": "12.0.0",
        "contentHash": "B28fBRL1UjhGsBC8fwV6YBZosh+SiU1FxdD7l7p5dGPgRlVI7UnM+Lgzmg+unZtV1Zxzpaw96UY2MYfMaAd8cg==",
        "dependencies": {
          "FluentValidation": "12.0.0"
        }
      },
      "Infisical.Sdk": {
        "type": "CentralTransitive",
        "requested": "[3.0.4, )",
        "resolved": "3.0.4",
        "contentHash": "6D5l4cOcJdG36cw7KULyhC1YuxVAPuSizHdyjXJv2CSJz31vPxj8vplxPy2FElButJd4JFaadwSNqAb61jA4IA==",
        "dependencies": {
          "Polly.Extensions.Http": "3.0.0"
        }
      },
      "MailKit": {
        "type": "CentralTransitive",
        "requested": "[4.15.1, )",
        "resolved": "4.15.1",
        "contentHash": "4mLbqTbH3ctd0NlukHjVQbU3ZnNDuCtB6ttNZDLPZLWMA2Dr31rh/eCSTqOwDojUX8zfDOVaxstMgJTE9PwZNA==",
        "dependencies": {
          "MimeKit": "4.15.1"
        }
      },
      "MediatR": {
        "type": "CentralTransitive",
        "requested": "[14.1.0, )",
        "resolved": "14.1.0",
        "contentHash": "pdxza1pLqAk+06LV3THzNJrw5K5Ah6EC17TEkoC90gsAxwtXDJAQrGuDSDinHGgxWKWEn5ebqTNN3k1bLJOb0g==",
        "dependencies": {
          "MediatR.Contracts": "[2.0.1, 3.0.0)",
          "Microsoft.IdentityModel.JsonWebTokens": "8.14.0"
        }
      },
      "Microsoft.AspNetCore.Components.WebAssembly": {
        "type": "CentralTransitive",
        "requested": "[10.0.7, )",
        "resolved": "10.0.7",
        "contentHash": "3MdUFSPOBlmkCx+YjWQS0s1B+v5QeyHxmix9yQ+HIiF/a01xpgIDXECOK5tCwOwjol01QP0fzKBnBP5LBBRETQ==",
        "dependencies": {
          "Microsoft.JSInterop.WebAssembly": "10.0.7"
        }
      },
      "Microsoft.AspNetCore.Components.WebAssembly.Authentication": {
        "type": "CentralTransitive",
        "requested": "[10.0.7, )",
        "resolved": "10.0.7",
        "contentHash": "lsMCW7OvNpgtUCDCcuoJvDwoKG6RZxuAdJ9nWfhzSSqlv5CemHFuGKwVO9kOtAk7YE6ITcQrjIG8RhSAQRT2MA=="
      },
      "Microsoft.AspNetCore.DataProtection.EntityFrameworkCore": {
        "type": "CentralTransitive",
        "requested": "[10.0.7, )",
        "resolved": "10.0.7",
        "contentHash": "chFGlgGqA0/CuB3a9yEosU13C29U4u7etvKtn92U3sXjjECrwy5PsDUU4SIuExE9Y1s+v0sOBb+6k7x26JJp+g==",
        "dependencies": {
          "Microsoft.EntityFrameworkCore": "10.0.7"
        }
      },
      "Microsoft.EntityFrameworkCore": {
        "type": "CentralTransitive",
        "requested": "[10.0.7, )",
        "resolved": "10.0.7",
        "contentHash": "G6yclVO5/csPzzsymV0SemY2NDqE31CP5M3jprF5IuO9wJsh4aUOfYD8HCLuDmM1D1CfReegVic48O2r79d46Q==",
        "dependencies": {
          "Microsoft.EntityFrameworkCore.Abstractions": "10.0.7",
          "Microsoft.EntityFrameworkCore.Analyzers": "10.0.7"
        }
      },
      "Microsoft.EntityFrameworkCore.Relational": {
        "type": "CentralTransitive",
        "requested": "[10.0.7, )",
        "resolved": "10.0.7",
        "contentHash": "midwPufIwXhOJcVhaZpCZGNbjy2QoPfHI+70nw2dGcoULEW9DybMvMPYkRjOJV0eI46a1oVFhU4lFYDEx6YUbg==",
        "dependencies": {
          "Microsoft.EntityFrameworkCore": "10.0.7"
        }
      },
      "Microsoft.Extensions.Caching.Hybrid": {
        "type": "CentralTransitive",
        "requested": "[10.2.0, )",
        "resolved": "10.2.0",
        "contentHash": "6V4hCqV65Zgsh6mbfcH1AU7iDcjQZoqxue/p3vpNYEaLRR+GjGLfoT6/XZLYc875qS8c3hdCs8wSZtMVpKJlwA=="
      },
      "Microsoft.Extensions.Compliance.Abstractions": {
        "type": "CentralTransitive",
        "requested": "[9.9.0, )",
        "resolved": "10.1.0",
        "contentHash": "M3JWrgZMkVzyEybZzNkTiC/e8U1ipXTi8xm8bj+PHHp4AcEmhmIEqnxRS0VHVCKZjLkOPt2hY2CIisUFQ6gqLA=="
      },
      "Microsoft.Extensions.ServiceDiscovery": {
        "type": "CentralTransitive",
        "requested": "[10.1.0, )",
        "resolved": "10.1.0",
        "contentHash": "b78YWSrwXQI/pSzKIe/TO1lC2FcBfrux6+AmgTRStKcJYHNU1r8ii1GICRNv37CobIcaW8w33LW+xmThqIG/bg==",
        "dependencies": {
          "Microsoft.Extensions.ServiceDiscovery.Abstractions": "10.1.0"
        }
      },
      "Microsoft.IdentityModel.Protocols.OpenIdConnect": {
        "type": "CentralTransitive",
        "requested": "[8.14.0, )",
        "resolved": "8.0.1",
        "contentHash": "AQDbfpL+yzuuGhO/mQhKNsp44pm5Jv8/BI4KiFXR7beVGZoSH35zMV3PrmcfvSTsyI6qrcR898NzUauD6SRigg==",
        "dependencies": {
          "Microsoft.IdentityModel.Protocols": "8.0.1",
          "System.IdentityModel.Tokens.Jwt": "8.0.1"
        }
      },
      "Microsoft.IdentityModel.Tokens": {
        "type": "CentralTransitive",
        "requested": "[8.14.0, )",
        "resolved": "8.14.0",
        "contentHash": "lKIZiBiGd36k02TCdMHp1KlNWisyIvQxcYJvIkz7P4gSQ9zi8dgh6S5Grj8NNG7HWYIPfQymGyoZ6JB5d1Lo1g==",
        "dependencies": {
          "Microsoft.IdentityModel.Logging": "8.14.0"
        }
      },
      "MudBlazor": {
        "type": "CentralTransitive",
        "requested": "[9.3.0, )",
        "resolved": "9.3.0",
        "contentHash": "7EMI5HRvi7SNh1e80RWoS4yXb71BmJbqyx/ccP5T21q3ceLx5AP+SSIfTzqI5Iv6CbcJQQYLp1uwWtvohIeZrA=="
      },
      "Npgsql": {
        "type": "CentralTransitive",
        "requested": "[10.0.2, )",
        "resolved": "10.0.2",
        "contentHash": "q5RfBI+wywJSFUNDE1L4ZbHEHCFTblo8Uf6A6oe4feOUFYiUQXyAf9GBh5qEZpvJaHiEbpBPkQumjEhXCJxdrg=="
      },
      "Npgsql.EntityFrameworkCore.PostgreSQL": {
        "type": "CentralTransitive",
        "requested": "[10.0.1, )",
        "resolved": "10.0.1",
        "contentHash": "P6EwH0Q4xkaA264iNZDqCPhWt8pscfUGxXazDQg4noBfqjoOlk4hKWfvBjF9ZX3R/9JybRmmJfmxr2iBMj0EpA==",
        "dependencies": {
          "Microsoft.EntityFrameworkCore": "[10.0.4, 11.0.0)",
          "Microsoft.EntityFrameworkCore.Relational": "[10.0.4, 11.0.0)",
          "Npgsql": "10.0.2"
        }
      },
      "OpenFeature": {
        "type": "CentralTransitive",
        "requested": "[2.11.1, )",
        "resolved": "2.11.1",
        "contentHash": "cxm8fgi5I2UPguBK7TQgvSn5X/1KWI9ImpSjIL8EvTNVrK4c2d9a+r+EUEIED0cXJ2kWB01zInJ4ZOBoGIqysw=="
      },
      "OpenTelemetry": {
        "type": "CentralTransitive",
        "requested": "[1.15.3, )",
        "resolved": "1.15.3",
        "contentHash": "N0i6WjPoHPbZyms1ugbDIFAJFuGlpeExJMU/+XSL0lQRUkg/D0utFkDoLXf8Z1km5B+xVZ2GyMXXiX8qdeNmPg==",
        "dependencies": {
          "OpenTelemetry.Api.ProviderBuilderExtensions": "1.15.3"
        }
      },
      "OpenTelemetry.Exporter.OpenTelemetryProtocol": {
        "type": "CentralTransitive",
        "requested": "[1.15.3, )",
        "resolved": "1.15.3",
        "contentHash": "FEXJepcseTGbATiCkUfP7ipoFEYYfl/0UmmUwi0KxCPg9PaUA8ab2P1LGopK+/HExasJ1ZutFhZrN6WvUIR23g==",
        "dependencies": {
          "OpenTelemetry": "1.15.3"
        }
      },
      "OpenTelemetry.Exporter.Prometheus.AspNetCore": {
        "type": "CentralTransitive",
        "requested": "[1.15.3-beta.1, )",
        "resolved": "1.15.3-beta.1",
        "contentHash": "ZnF47rY81rHF36UFVQPfx5eIAbSFEkyrYjDsKBFuFDeLzgeaC91cA455OOtqe7yRtsRKXoHGbkcZOsD9IipKgQ==",
        "dependencies": {
          "OpenTelemetry": "[1.15.3, 2.0.0)"
        }
      },
      "OpenTelemetry.Extensions.Hosting": {
        "type": "CentralTransitive",
        "requested": "[1.15.3, )",
        "resolved": "1.15.3",
        "contentHash": "u8n/W8yIlqv0BXZmvId1iVaeWXG42tGKdTkuLYg5g57Y/r9CeUNzqtrSHNdG5IoO8iPX79w3v+WsbAHgUQbfeg==",
        "dependencies": {
          "OpenTelemetry": "1.15.3"
        }
      },
      "OpenTelemetry.Instrumentation.AspNetCore": {
        "type": "CentralTransitive",
        "requested": "[1.15.2, )",
        "resolved": "1.15.2",
        "contentHash": "2nPd7r0ug/gd6/CNFL6Rlu+RSQ9WYGSGHAYQ1ssbSqyzKJpqTunfx2I/1O0WB5k+L0cyXbG4XVZpoSoUc3M7wg==",
        "dependencies": {
          "OpenTelemetry.Api.ProviderBuilderExtensions": "[1.15.3, 2.0.0)"
        }
      },
      "OpenTelemetry.Instrumentation.Http": {
        "type": "CentralTransitive",
        "requested": "[1.15.1, )",
        "resolved": "1.15.1",
        "contentHash": "vFO4Fj/dXkoVNGo/nhoGpO2zYQmZwr4jTID7oRGo+XlQ8LqksyZjUXQ4p39RfUvTID7IzzL8Qe71tW7CcAFymA==",
        "dependencies": {
          "OpenTelemetry.Api.ProviderBuilderExtensions": "[1.15.3, 2.0.0)"
        }
      },
      "OpenTelemetry.Instrumentation.Runtime": {
        "type": "CentralTransitive",
        "requested": "[1.15.1, )",
        "resolved": "1.15.1",
        "contentHash": "cpPwlUT5HXcLGPaIgsbSy0W9eFYAPGVbTP1p8/uyQ4Osvf5BJuPpEXE7crL09SmEd44r0DGNKDtsqxaAz0HxQw==",
        "dependencies": {
          "OpenTelemetry.Api": "[1.15.3, 2.0.0)"
        }
      },
      "Polly": {
        "type": "CentralTransitive",
        "requested": "[8.6.6, )",
        "resolved": "8.6.6",
        "contentHash": "czKHYJ6uGowPijuZt4kgF4njfGvWxVZ8mKBcrZ9iEtwDe9HKdF0ug6p6TwUG8EHuuufgbDU//rSBFebt5/0Fyw==",
        "dependencies": {
          "Polly.Core": "8.6.6"
        }
      },
      "System.IdentityModel.Tokens.Jwt": {
        "type": "CentralTransitive",
        "requested": "[8.14.0, )",
        "resolved": "8.0.1",
        "contentHash": "GJw3bYkWpOgvN3tJo5X4lYUeIFA2HD293FPUhKmp7qxS+g5ywAb34Dnd3cDAFLkcMohy5XTpoaZ4uAHuw0uSPQ==",
        "dependencies": {
          "Microsoft.IdentityModel.JsonWebTokens": "8.0.1",
          "Microsoft.IdentityModel.Tokens": "8.0.1"
        }
      }
    }
  }
}