{
  "version": 2,
  "dependencies": {
    "net10.0": {
      "Infisical.Sdk": {
        "type": "Direct",
        "requested": "[3.0.4, )",
        "resolved": "3.0.4",
        "contentHash": "6D5l4cOcJdG36cw7KULyhC1YuxVAPuSizHdyjXJv2CSJz31vPxj8vplxPy2FElButJd4JFaadwSNqAb61jA4IA==",
        "dependencies": {
          "Polly.Extensions.Http": "3.0.0"
        }
      },
      "Npgsql": {
        "type": "Direct",
        "requested": "[10.0.0, )",
        "resolved": "10.0.0",
        "contentHash": "xZAYhPOU2rUIFpV48xsqhCx9vXs6Y+0jX2LCoSEfDFYMw9jtAOUk3iQsCnDLrFIv9NT3JGMihn7nnuZsPKqJmA=="
      },
      "Npgsql.EntityFrameworkCore.PostgreSQL": {
        "type": "Direct",
        "requested": "[10.0.0, )",
        "resolved": "10.0.0",
        "contentHash": "E2+uSWxSB8LdsUVwPaqRWOcGOP92biry2JEwc0KJMdLJF+aZdczeIdEXVwEyv4nSVMQJH0o8tLhyAMiR6VF0lw==",
        "dependencies": {
          "Microsoft.EntityFrameworkCore": "[10.0.0, 11.0.0)",
          "Microsoft.EntityFrameworkCore.Relational": "[10.0.0, 11.0.0)",
          "Npgsql": "10.0.0"
        }
      },
      "Microsoft.EntityFrameworkCore.Abstractions": {
        "type": "Transitive",
        "resolved": "10.0.0",
        "contentHash": "C+TT9k7f1GQ8agOfV512K9iwrzi76RXVSDiLx+iWC9pz3QhEpSF1Dyk+FpVvd8ULQ+rqymfM8KQ7g48ttQVyMg=="
      },
      "Microsoft.EntityFrameworkCore.Analyzers": {
        "type": "Transitive",
        "resolved": "10.0.0",
        "contentHash": "TxHQq0kn0tpYs2ljeRl8jtmWk720B0nteqI6mAZM77HWJpYT9Zj8SkkBBlj8K3Yeq18a6NBjz6YutE+shEk4Ag=="
      },
      "Polly.Extensions.Http": {
        "type": "Transitive",
        "resolved": "3.0.0",
        "contentHash": "drrG+hB3pYFY7w1c3BD+lSGYvH2oIclH8GRSehgfyP5kjnFnHKQuuBhuHLv+PWyFuaTDyk/vfRpnxOzd11+J8g==",
        "dependencies": {
          "Polly": "7.1.0"
        }
      },
      "Microsoft.EntityFrameworkCore": {
        "type": "CentralTransitive",
        "requested": "[10.0.2, )",
        "resolved": "10.0.0",
        "contentHash": "hHa2amRjMyBLUH/KTML6FgIAhZ0VFYkhCKwWEax0rO6iNeM1P5MflyeQLE5dniSIOZHc3Oqyv5UIyTFO4e1Auw==",
        "dependencies": {
          "Microsoft.EntityFrameworkCore.Abstractions": "10.0.0",
          "Microsoft.EntityFrameworkCore.Analyzers": "10.0.0"
        }
      },
      "Microsoft.EntityFrameworkCore.Relational": {
        "type": "CentralTransitive",
        "requested": "[10.0.2, )",
        "resolved": "10.0.0",
        "contentHash": "A3MX1ee7RDxWCUdx/KqP+74fbksz0UIhkVZh56YHvbPkEKsffCXgHU3LGkRDwqR/MrBNWLCWC/IVX79tzM30ZA==",
        "dependencies": {
          "Microsoft.EntityFrameworkCore": "10.0.0"
        }
      },
      "Polly": {
        "type": "CentralTransitive",
        "requested": "[8.6.5, )",
        "resolved": "7.1.0",
        "contentHash": "mpQsvlEn4ipgICh5CGyVLPV93RFVzOrBG7wPZfzY8gExh7XgWQn0GCDY9nudbUEJ12UiGPP9i4+CohghBvzhmg=="
      }
    },
    "net9.0": {
      "Infisical.Sdk": {
        "type": "Direct",
        "requested": "[3.0.4, )",
        "resolved": "3.0.4",
        "contentHash": "6D5l4cOcJdG36cw7KULyhC1YuxVAPuSizHdyjXJv2CSJz31vPxj8vplxPy2FElButJd4JFaadwSNqAb61jA4IA==",
        "dependencies": {
          "Polly.Extensions.Http": "3.0.0"
        }
      },
      "Npgsql": {
        "type": "Direct",
        "requested": "[9.0.3, )",
        "resolved": "9.0.3",
        "contentHash": "tPvY61CxOAWxNsKLEBg+oR646X4Bc8UmyQ/tJszL/7mEmIXQnnBhVJZrZEEUv0Bstu0mEsHZD5At3EO8zQRAYw=="
      },
      "Npgsql.EntityFrameworkCore.PostgreSQL": {
        "type": "Direct",
        "requested": "[9.0.4, )",
        "resolved": "9.0.4",
        "contentHash": "mw5vcY2IEc7L+IeGrxpp/J5OSnCcjkjAgJYCm/eD52wpZze8zsSifdqV7zXslSMmfJG2iIUGZyo3KuDtEFKwMQ==",
        "dependencies": {
          "Microsoft.EntityFrameworkCore": "[9.0.1, 10.0.0)",
          "Microsoft.EntityFrameworkCore.Relational": "[9.0.1, 10.0.0)",
          "Npgsql": "9.0.3"
        }
      },
      "Microsoft.EntityFrameworkCore.Abstractions": {
        "type": "Transitive",
        "resolved": "9.0.1",
        "contentHash": "qy+taGVLUs82zeWfc32hgGL8Z02ZqAneYvqZiiXbxF4g4PBUcPRuxHM9K20USmpeJbn4/fz40GkCbyyCy5ojOA=="
      },
      "Microsoft.EntityFrameworkCore.Analyzers": {
        "type": "Transitive",
        "resolved": "9.0.1",
        "contentHash": "c6ZZJZhPKrXFkE2z/81PmuT69HBL6Y68Cl0xJ5SRrDjJyq5Aabkq15yCqPg9RQ3R0aFLVaJok2DA8R3TKpejDQ=="
      },
      "Polly.Extensions.Http": {
        "type": "Transitive",
        "resolved": "3.0.0",
        "contentHash": "drrG+hB3pYFY7w1c3BD+lSGYvH2oIclH8GRSehgfyP5kjnFnHKQuuBhuHLv+PWyFuaTDyk/vfRpnxOzd11+J8g==",
        "dependencies": {
          "Polly": "7.1.0"
        }
      },
      "Microsoft.EntityFrameworkCore": {
        "type": "CentralTransitive",
        "requested": "[9.0.4, )",
        "resolved": "9.0.1",
        "contentHash": "E25w4XugXNykTr5Y/sLDGaQ4lf67n9aXVPvsdGsIZjtuLmbvb9AoYP8D50CDejY8Ro4D9GK2kNHz5lWHqSK+wg==",
        "dependencies": {
          "Microsoft.EntityFrameworkCore.Abstractions": "9.0.1",
          "Microsoft.EntityFrameworkCore.Analyzers": "9.0.1"
        }
      },
      "Microsoft.EntityFrameworkCore.Relational": {
        "type": "CentralTransitive",
        "requested": "[9.0.4, )",
        "resolved": "9.0.1",
        "contentHash": "7Iu0h4oevRvH4IwPzmxuIJGYRt55TapoREGlluk75KCO7lenN0+QnzCl6cQDY48uDoxAUpJbpK2xW7o8Ix69dw==",
        "dependencies": {
          "Microsoft.EntityFrameworkCore": "9.0.1"
        }
      },
      "Polly": {
        "type": "CentralTransitive",
        "requested": "[8.6.5, )",
        "resolved": "7.1.0",
        "contentHash": "mpQsvlEn4ipgICh5CGyVLPV93RFVzOrBG7wPZfzY8gExh7XgWQn0GCDY9nudbUEJ12UiGPP9i4+CohghBvzhmg=="
      }
    }
  }
}