{
  "version": 2,
  "dependencies": {
    "net10.0": {
      "Bogus": {
        "type": "Direct",
        "requested": "[35.6.5, )",
        "resolved": "35.6.5",
        "contentHash": "2FGZn+aAVHjmCgClgmGkTDBVZk0zkLvAKGaxEf5JL6b3i9JbHTE4wnuY4vHCuzlCmJdU6VZjgDfHwmYkQF8VAA=="
      },
      "bunit": {
        "type": "Direct",
        "requested": "[2.8.6, )",
        "resolved": "2.8.6",
        "contentHash": "kBGHiCrn0LvUGRiDaqLxBewZXAOIIqYlJTcfh/+yaMc5XOzWm2eeuDl2+3ksK3AuLSSnVitmCLu8n1RV9CXpSQ==",
        "dependencies": {
          "AngleSharp": "1.5.2",
          "AngleSharp.Css": "1.0.0-beta.224",
          "AngleSharp.Diffing": "1.1.1",
          "Microsoft.AspNetCore.Components.WebAssembly": "10.0.10",
          "Microsoft.AspNetCore.Components.WebAssembly.Authentication": "10.0.10"
        }
      },
      "MudBlazor": {
        "type": "Direct",
        "requested": "[9.7.0, )",
        "resolved": "9.7.0",
        "contentHash": "uWOgNn9B556J/TL8KFoSqpA3YD2heqOpK5etcofwlj1RiEX1IDy0NmwYE9urlTUQ8zProEK5GqwTBnoObFPN3g=="
      },
      "NSubstitute": {
        "type": "Direct",
        "requested": "[6.0.0, )",
        "resolved": "6.0.0",
        "contentHash": "0gvKMbiJ+/WrfbcfBfqRZZrvfLJcd3rqkqVMjjlY5dtmLRVzMY+o/K/rJUStofQ2haSr9Vd04YDfvZtVVGS3/A==",
        "dependencies": {
          "Castle.Core": "5.1.1"
        }
      },
      "TUnit": {
        "type": "Direct",
        "requested": "[1.63.0, )",
        "resolved": "1.63.0",
        "contentHash": "SJLzZdDW6h/hoybZltJc+W0o38pQl1Kh7ikgWMLesUKgwTcpBHKguJ0cK0djHqySEoFl58jOlE7iPpZMQHj4zw==",
        "dependencies": {
          "Microsoft.Testing.Extensions.CodeCoverage": "18.9.0",
          "Microsoft.Testing.Extensions.Telemetry": "2.3.3",
          "Microsoft.Testing.Extensions.TrxReport": "2.3.3",
          "TUnit.Assertions": "1.63.0",
          "TUnit.Engine": "1.63.0"
        }
      },
      "AngleSharp": {
        "type": "Transitive",
        "resolved": "1.5.2",
        "contentHash": "LVZ7rrr6GHbhERhTgVDarVygl1e6KwE96pronA90LBOMacDhxR4lB+xYLjn/vlnUu+xbOB2RM9fuCPEx5bdyWA=="
      },
      "AngleSharp.Css": {
        "type": "Transitive",
        "resolved": "1.0.0-beta.224",
        "contentHash": "BF/hPs8sRjhR+rYkBom7WaMLN0w36Qvnu+WvoHK/gL67MrQOONkkivBTGilvta4sNix5Y8T9XVlZsRI8IU2/vA==",
        "dependencies": {
          "AngleSharp": "[1.5.0, 2.0.0)"
        }
      },
      "AngleSharp.Diffing": {
        "type": "Transitive",
        "resolved": "1.1.1",
        "contentHash": "Uzz5895TpRyMA4t8GExmq4TxXqi3+bZTgb3kJgH+tdwrSuo9CO6Dlmv+Oqyhb2pNRfbnReLUzhlHAuT7c+3jSg==",
        "dependencies": {
          "AngleSharp": "1.1.2",
          "AngleSharp.Css": "1.0.0-beta.144"
        }
      },
      "Castle.Core": {
        "type": "Transitive",
        "resolved": "5.1.1",
        "contentHash": "rpYtIczkzGpf+EkZgDr9CClTdemhsrwA/W5hMoPjLkRFnXzH44zDLoovXeKtmxb1ykXK9aJVODSpiJml8CTw2g=="
      },
      "Microsoft.ApplicationInsights": {
        "type": "Transitive",
        "resolved": "2.23.0",
        "contentHash": "nWArUZTdU7iqZLycLKWe0TDms48KKGE6pONH2terYNa8REXiqixrMOkf1sk5DHGMaUTqONU2YkS4SAXBhLStgw=="
      },
      "Microsoft.DiaSymReader": {
        "type": "Transitive",
        "resolved": "2.2.9",
        "contentHash": "WLbDc/W9XkHpGVtd1L6Vml8W6+PaaYZZTJASHjHF7W2WX/hld6bfNK102Ui+I3a6zIdx4+oKRJtMgHz44JmBfw=="
      },
      "Microsoft.Extensions.DependencyModel": {
        "type": "Transitive",
        "resolved": "10.0.8",
        "contentHash": "vLyZVpxmduO2jx+76ggqnsA3m81kwMY3NkWciNTj5E+Nvqb0VihqCvQP89QsGONWp0AJwMZG+u9GzaCjDdFGNw=="
      },
      "Microsoft.JSInterop.WebAssembly": {
        "type": "Transitive",
        "resolved": "10.0.10",
        "contentHash": "FjPAGQWbCP85FWY2Wl9opHSsY+u9nZb8Ui6eTVHEMY/RJateOhW78jEtC4QOQ/6slkS1MKyIAF6ZHIrUR1fX/w=="
      },
      "Microsoft.Testing.Extensions.CodeCoverage": {
        "type": "Transitive",
        "resolved": "18.9.0",
        "contentHash": "Odp8djWEUFTJoRV02y0zJaAwAHF31CtNaDgnKKM+8dBHbbaH7Ee0oo9gweLpbzjI7UrtMUzH6xLJSrICZw+Nwg==",
        "dependencies": {
          "Microsoft.DiaSymReader": "2.2.9",
          "Microsoft.Extensions.DependencyModel": "10.0.8",
          "Microsoft.Testing.Platform": "2.3.0"
        }
      },
      "Microsoft.Testing.Extensions.Telemetry": {
        "type": "Transitive",
        "resolved": "2.3.3",
        "contentHash": "nY8ceQyPWB9TRE1WE5Oe/sks2e10SxgPv61vBHsFYpgCeDtNwhpMZwmL29GklO3/etTdOsLdrCmNr4zJWaR2fg==",
        "dependencies": {
          "Microsoft.ApplicationInsights": "2.23.0",
          "Microsoft.Testing.Platform": "2.3.3"
        }
      },
      "Microsoft.Testing.Extensions.TrxReport": {
        "type": "Transitive",
        "resolved": "2.3.3",
        "contentHash": "vYBqGSlT94B8d6d4PRdPQ83ogn3kK4kXcnI3SlHBHZu1XsU01IDTMnWoto5v5wXN/Mz4XsVM3Do/sJdGRgH29g==",
        "dependencies": {
          "Microsoft.Testing.Extensions.TrxReport.Abstractions": "2.3.3",
          "Microsoft.Testing.Platform": "2.3.3"
        }
      },
      "Microsoft.Testing.Extensions.TrxReport.Abstractions": {
        "type": "Transitive",
        "resolved": "2.3.3",
        "contentHash": "dceVNxnfTEjKnrIreLcMfkgrzzBY8kgCCJX5NAv7Lq/6vPlTP4VB5zxKeuYy0yfCoBtWuPkLjUG6qtOBMfpypA==",
        "dependencies": {
          "Microsoft.Testing.Platform": "2.3.3"
        }
      },
      "Microsoft.Testing.Platform": {
        "type": "Transitive",
        "resolved": "2.3.3",
        "contentHash": "ENbH4BQh9riXtOKc25KKITfiGGWhWMBJA7pZuNaF9zxzzSaVkp5AMeZxGQ6sXYaR6xb724NLz985Is6XIYqLSg=="
      },
      "Microsoft.Testing.Platform.MSBuild": {
        "type": "Transitive",
        "resolved": "2.3.3",
        "contentHash": "iVAvNbZ5JPDZSrTcIrCDoCsAkzjDxwDEt2mDuMd8ng1P6e2P2NCd0g0BsoBVG+nJLSmK//V+yeEvjCa3E2fxHw==",
        "dependencies": {
          "Microsoft.Testing.Platform": "2.3.3"
        }
      },
      "ReactiveUI.Disposables": {
        "type": "Transitive",
        "resolved": "7.0.0",
        "contentHash": "bl3hwVjnuNP40UedJADZ3+842qu39iMkdS/kq86mKrGubnBZA75TSSmTpOwQFvo4JLIR+8Qm3yY/MOnm+uAh7g=="
      },
      "ReactiveUI.Primitives": {
        "type": "Transitive",
        "resolved": "7.0.0",
        "contentHash": "B5WlTZhtHE2gRyX/W0kfW8CwKe9A58KmZsWuIxjyxjAUcVbUP2QDutxT908KCkz/K9H11oS6/85XmIm20tYogw==",
        "dependencies": {
          "ReactiveUI.Disposables": "7.0.0",
          "ReactiveUI.Primitives.Core": "7.0.0"
        }
      },
      "ReactiveUI.Primitives.Core": {
        "type": "Transitive",
        "resolved": "7.0.0",
        "contentHash": "0Bndf1vnhZOWIcVVH+mNvML8jIw9oRes8tgU25OoEJEuFLdMAOUAlMgOnvt4TYkeqtL/vSck8qCF9GmtAN/5BQ==",
        "dependencies": {
          "ReactiveUI.Disposables": "7.0.0"
        }
      },
      "Refit": {
        "type": "Transitive",
        "resolved": "14.0.1",
        "contentHash": "8e1Y0LnkSc91kDZJ1dasL59LDssJE0JsrV8hiV6kd4LjSBR9DbX6zzGJCqxaBsm+aW7/mv6bsqI1vPtiYjqZfg==",
        "dependencies": {
          "ReactiveUI.Primitives": "7.0.0"
        }
      },
      "TUnit.Assertions": {
        "type": "Transitive",
        "resolved": "1.63.0",
        "contentHash": "U/bKw67jEXDUvIVJ0CquMuZUx7j5OO0WjCq3MXyEA/2a1U/CX+2t6lVgLHrZKXzWvetpdNA8F7ivjvL7UniXeA=="
      },
      "TUnit.Core": {
        "type": "Transitive",
        "resolved": "1.63.0",
        "contentHash": "lm/CPAUeiUzilTVdh5rN64Y9F4LkjLh7h+YPqcmdYKI4MuFi065g6owJVxziEvz6W8OwtUr4OrX5VxvUgc8SAg=="
      },
      "TUnit.Engine": {
        "type": "Transitive",
        "resolved": "1.63.0",
        "contentHash": "c14kRpmdGpOL06T1bkyFqKWftf4cDWKC1Iv9yCf38bjhxltqb5/vaZJABFEgKlgIW58803TneD6V9hRoyAUcbw==",
        "dependencies": {
          "Microsoft.Testing.Extensions.TrxReport.Abstractions": "2.3.3",
          "Microsoft.Testing.Platform": "2.3.3",
          "Microsoft.Testing.Platform.MSBuild": "2.3.3",
          "TUnit.Core": "1.63.0"
        }
      },
      "explore.blazor.client": {
        "type": "Project",
        "dependencies": {
          "Blazored.FluentValidation": "[2.2.0, )",
          "Blazouter": "[1.0.14, )",
          "Blazouter.WebAssembly": "[1.0.14, )",
          "DiffPlex": "[1.9.0, )",
          "FluentValidation": "[12.1.1, )",
          "Microsoft.AspNetCore.Components.WebAssembly": "[10.0.10, )",
          "Microsoft.AspNetCore.Components.WebAssembly.Authentication": "[10.0.10, )",
          "MudBlazor": "[9.7.0, )",
          "Refit.HttpClientFactory": "[14.0.1, )"
        }
      },
      "Blazored.FluentValidation": {
        "type": "CentralTransitive",
        "requested": "[2.2.0, )",
        "resolved": "2.2.0",
        "contentHash": "lBSHW7faCJqwn7KtZt6vqHSiyGvTL5McpS4sQUW3RLu2R5eMmf4oolFeufZfcAB8TV8iI+/PYouz7sn773E8Og==",
        "dependencies": {
          "FluentValidation": "11.9.1"
        }
      },
      "Blazouter": {
        "type": "CentralTransitive",
        "requested": "[1.0.14, )",
        "resolved": "1.0.14",
        "contentHash": "xGE3iISZjx2wLQvDfKNjFAOLO2gmwfA+1MlSEISAl6cg9jZs0S7Zmn2XSo6Q/pCHL9t1wIt+kd9aiHa2ZHKj7w=="
      },
      "Blazouter.WebAssembly": {
        "type": "CentralTransitive",
        "requested": "[1.0.14, )",
        "resolved": "1.0.14",
        "contentHash": "rQXR9aKPwJTYGnYalOiFb7kXhFQUpFwblBybVpE2Uy6FThS8EqeLcmpcEKVbycf8rdNT1buN01/UABGoq0TQ9Q==",
        "dependencies": {
          "Blazouter": "1.0.14"
        }
      },
      "DiffPlex": {
        "type": "CentralTransitive",
        "requested": "[1.9.0, )",
        "resolved": "1.9.0",
        "contentHash": "Z4IDEH6iOb6d+Y2QUjsbq1Fp5I/kwZzNdr/evBTbCGq+ShAjE4baLm7lX1tfjV2p34QI3V9kctCQziFuuKqeCA=="
      },
      "FluentValidation": {
        "type": "CentralTransitive",
        "requested": "[12.1.1, )",
        "resolved": "12.1.1",
        "contentHash": "EPpkIe1yh1a0OXyC100oOA8WMbZvqUu5plwhvYcb7oSELfyUZzfxV48BLhvs3kKo4NwG7MGLNgy1RJiYtT8Dpw=="
      },
      "Microsoft.AspNetCore.Components.WebAssembly": {
        "type": "CentralTransitive",
        "requested": "[10.0.10, )",
        "resolved": "10.0.10",
        "contentHash": "0Zib7U6HmGw4Noj/+yJz1YuEJwo3XOV0iLezXDLFsrHTaC8L+KUOR/1+1tX7AAeipDG6jP3gPZOwpirk6G3LYQ==",
        "dependencies": {
          "Microsoft.JSInterop.WebAssembly": "10.0.10"
        }
      },
      "Microsoft.AspNetCore.Components.WebAssembly.Authentication": {
        "type": "CentralTransitive",
        "requested": "[10.0.10, )",
        "resolved": "10.0.10",
        "contentHash": "D2GIsqVJ2+tVDViJmbEF4tc+gxhdAl5xkBAMZHWCJV7Pt+oBkU2omBSRbgVTq3N2OgreVNSp7w+FrZNgu97d5A=="
      },
      "Refit.HttpClientFactory": {
        "type": "CentralTransitive",
        "requested": "[14.0.1, )",
        "resolved": "14.0.1",
        "contentHash": "03RFmYVHA4CLZ9+951gxhka6PtVLsaEnI67RRSa3cj/4RCtqiBWsPDMNbm6Z8Cw5pYZEQ+Jr6lMTbBQdrCz0lA==",
        "dependencies": {
          "ReactiveUI.Primitives": "7.0.0",
          "Refit": "14.0.1"
        }
      }
    }
  }
}